
Microsoft Visual Studio Solution File, Format Version 12.00
# Visual Studio Version 17
VisualStudioVersion = 17.4.33122.133
MinimumVisualStudioVersion = 10.0.40219.1
Project("{2150E333-8FDC-42A3-9474-1A3956D46DE8}") = "Pract00", "Pract00", "{148472AB-44FC-4F41-8E0C-824CF980A108}"
EndProject
Project("{8BC9CEB8-8B4A-11D0-8D11-00A0C91BC942}") = "ITMO.Cpp.Pract00", "Pract00\ITMO.Cpp.Pract00\ITMO.Cpp.Pract00.vcxproj", "{D0FFF024-CB5E-4015-B630-DEFE377B0FBC}"
EndProject
Project("{2150E333-8FDC-42A3-9474-1A3956D46DE8}") = "Pract01", "Pract01", "{D2E19EE1-528F-469C-8D20-8866D0C2213A}"
EndProject
Project("{2150E333-8FDC-42A3-9474-1A3956D46DE8}") = "Base", "Base", "{D3966676-6D05-4E1E-B301-AB88BB917743}"
EndProject
Project("{2150E333-8FDC-42A3-9474-1A3956D46DE8}") = "Final", "Final", "{A03EB3EA-74CB-4A33-8BD0-4576E3539874}"
EndProject
Project("{8BC9CEB8-8B4A-11D0-8D11-00A0C91BC942}") = "ITMO.Cpp.Pract01.Base01", "Pract01\Base\ITMO.Cpp.Pract01.Base01\ITMO.Cpp.Pract01.Base01.vcxproj", "{EB7233C0-4F37-4F00-8151-545FBDC46047}"
EndProject
Project("{8BC9CEB8-8B4A-11D0-8D11-00A0C91BC942}") = "ITMO.Cpp.Pract01.Base02", "Pract01\Base\ITMO.Cpp.Pract01.Base02\ITMO.Cpp.Pract01.Base02.vcxproj", "{0662052C-1614-4EC3-BD87-35F046365519}"
EndProject
Project("{8BC9CEB8-8B4A-11D0-8D11-00A0C91BC942}") = "ITMO.Cpp.Pract01.Final01", "Pract01\Final\ITMO.Cpp.Pract01.Final01\ITMO.Cpp.Pract01.Final01.vcxproj", "{6060B075-DE5F-44FF-BE93-638A9CF1A0B0}"
EndProject
Project("{2150E333-8FDC-42A3-9474-1A3956D46DE8}") = "Pract02", "Pract02", "{80FE3571-A936-4C1E-A6AC-9A1C0F30D2B8}"
EndProject
Project("{2150E333-8FDC-42A3-9474-1A3956D46DE8}") = "Final", "Final", "{5884137E-8EDF-4036-B179-DB4F64040D9E}"
EndProject
Project("{8BC9CEB8-8B4A-11D0-8D11-00A0C91BC942}") = "ITMO.Cpp.Pract02.Final01", "Pract02\Final\ITMO.Cpp.Pract02.Final01\ITMO.Cpp.Pract02.Final01.vcxproj", "{DF86D66B-F286-49B0-A6E9-68A624DBA7AF}"
EndProject
Project("{8BC9CEB8-8B4A-11D0-8D11-00A0C91BC942}") = "ITMO.Cpp.Pract02.Final02", "Pract02\Final\ITMO.Cpp.Pract02.Final02\ITMO.Cpp.Pract02.Final02.vcxproj", "{A27869E0-7DE1-4F7D-922F-7939495C2777}"
EndProject
Project("{8BC9CEB8-8B4A-11D0-8D11-00A0C91BC942}") = "ITMO.Cpp.Pract02.Final03", "Pract02\Final\ITMO.Cpp.Pract02.Final03\ITMO.Cpp.Pract02.Final03.vcxproj", "{257F7D43-9DD1-4DBB-B341-E85CBDBFD378}"
EndProject
Project("{8BC9CEB8-8B4A-11D0-8D11-00A0C91BC942}") = "ITMO.Cpp.Pract02.Final04", "Pract02\Final\ITMO.Cpp.Pract02.Final04\ITMO.Cpp.Pract02.Final04.vcxproj", "{95A41423-F9A1-453E-BC1C-A4C7497F6919}"
EndProject
Project("{2150E333-8FDC-42A3-9474-1A3956D46DE8}") = "Pract03", "Pract03", "{6ECAAAAA-11A4-4A8A-A229-B1D03838E4FB}"
EndProject
Project("{2150E333-8FDC-42A3-9474-1A3956D46DE8}") = "Final", "Final", "{E085B94D-3C76-4985-9C73-994662770C90}"
EndProject
Project("{8BC9CEB8-8B4A-11D0-8D11-00A0C91BC942}") = "ITMO.Cpp.Pract03.Final01", "Pract03\Final\ITMO.Cpp.Pract03.Final01\ITMO.Cpp.Pract03.Final01.vcxproj", "{5A50A4E9-3A03-4BC0-8329-C8ADAC0C58F2}"
EndProject
Project("{8BC9CEB8-8B4A-11D0-8D11-00A0C91BC942}") = "ITMO.Cpp.Pract03.Final02", "Pract03\Final\ITMO.Cpp.Pract03.Final02\ITMO.Cpp.Pract03.Final02.vcxproj", "{B7348709-A701-46A0-91A5-E54E2C227DB5}"
EndProject
Project("{8BC9CEB8-8B4A-11D0-8D11-00A0C91BC942}") = "ITMO.Cpp.Pract03.Final03", "Pract03\Final\ITMO.Cpp.Pract03.Final03\ITMO.Cpp.Pract03.Final03.vcxproj", "{692541B1-1032-4BCA-8368-4A1974F216F7}"
EndProject
Project("{8BC9CEB8-8B4A-11D0-8D11-00A0C91BC942}") = "ITMO.Cpp.Pract03.Final04", "Pract03\Final\ITMO.Cpp.Pract03.Final04\ITMO.Cpp.Pract03.Final04.vcxproj", "{F142F4F2-0799-4F8F-9EC7-EBA1974A3867}"
EndProject
Project("{8BC9CEB8-8B4A-11D0-8D11-00A0C91BC942}") = "ITMO.Cpp.Pract03.Final05", "Pract03\Final\ITMO.Cpp.Pract03.Final05\ITMO.Cpp.Pract03.Final05.vcxproj", "{CC50B0AF-E9E0-4CF5-8FC9-069430CA4985}"
EndProject
Project("{2150E333-8FDC-42A3-9474-1A3956D46DE8}") = "Pract04", "Pract04", "{0B6DA987-5218-479D-BC0A-5773BDF8782A}"
EndProject
Project("{2150E333-8FDC-42A3-9474-1A3956D46DE8}") = "Base", "Base", "{E7D79FB8-03A6-467D-B8C5-B4D7F73BA796}"
EndProject
Project("{2150E333-8FDC-42A3-9474-1A3956D46DE8}") = "Final", "Final", "{4E13EDD2-3A4E-4D0C-AA20-4459CCD41878}"
EndProject
Project("{8BC9CEB8-8B4A-11D0-8D11-00A0C91BC942}") = "ITMO.Cpp.Pract04.Base01", "Pract04\Base\ITMO.Cpp.Pract04.Base01\ITMO.Cpp.Pract04.Base01.vcxproj", "{DC37ED84-016B-4440-B8C4-A564916C05C1}"
EndProject
Project("{8BC9CEB8-8B4A-11D0-8D11-00A0C91BC942}") = "ITMO.Cpp.Pract04.Base02", "Pract04\Base\ITMO.Cpp.Pract04.Base02\ITMO.Cpp.Pract04.Base02.vcxproj", "{5144278F-974D-4933-89C7-D8C249B2D972}"
EndProject
Project("{8BC9CEB8-8B4A-11D0-8D11-00A0C91BC942}") = "ITMO.Cpp.Pract04.Final01", "Pract04\Final\ITMO.Cpp.Pract04.Final01\ITMO.Cpp.Pract04.Final01.vcxproj", "{13CFF7D9-65E0-4425-B124-02D3213D3568}"
EndProject
Project("{8BC9CEB8-8B4A-11D0-8D11-00A0C91BC942}") = "ITMO.Cpp.Pract04.Final02", "Pract04\Final\ITMO.Cpp.Pract04.Final02\ITMO.Cpp.Pract04.Final02.vcxproj", "{A1A1DD0E-50D1-43C9-9CCF-D03796D70A60}"
EndProject
Project("{2150E333-8FDC-42A3-9474-1A3956D46DE8}") = "Pract05", "Pract05", "{FB792F01-7184-478A-9DD6-A1DA8B2D31C0}"
EndProject
Project("{2150E333-8FDC-42A3-9474-1A3956D46DE8}") = "Base", "Base", "{4D526C3E-9D32-4DFA-8C7B-21904BA01E48}"
EndProject
Project("{2150E333-8FDC-42A3-9474-1A3956D46DE8}") = "Final", "Final", "{0EEF0A49-D92C-4610-A0CF-697D3D103F62}"
EndProject
Project("{8BC9CEB8-8B4A-11D0-8D11-00A0C91BC942}") = "ITMO.Cpp.Pract05.Base01", "Pract05\Base\ITMO.Cpp.Pract05.Base01\ITMO.Cpp.Pract05.Base01.vcxproj", "{68F1A12C-169C-46A3-8DC9-170A1A466CF4}"
EndProject
Project("{8BC9CEB8-8B4A-11D0-8D11-00A0C91BC942}") = "ITMO.Cpp.Pract05.Base02", "Pract05\Base\ITMO.Cpp.Pract05.Base02\ITMO.Cpp.Pract05.Base02.vcxproj", "{CE97A8B6-3711-4D31-9619-99E69F5211EA}"
EndProject
Project("{8BC9CEB8-8B4A-11D0-8D11-00A0C91BC942}") = "ITMO.Cpp.Pract05.Base03", "Pract05\Base\ITMO.Cpp.Pract05.Base03\ITMO.Cpp.Pract05.Base03.vcxproj", "{229B6C64-A222-43D3-BCB6-7B57034827FB}"
EndProject
Project("{8BC9CEB8-8B4A-11D0-8D11-00A0C91BC942}") = "ITMO.Cpp.Pract05.Base05", "Pract05\Base\ITMO.Cpp.Pract05.Base05\ITMO.Cpp.Pract05.Base05.vcxproj", "{61A046C7-DC47-463B-B02B-1FA552E28EE0}"
EndProject
Project("{8BC9CEB8-8B4A-11D0-8D11-00A0C91BC942}") = "ITMO.Cpp.Pract05.Final01", "Pract05\Final\ITMO.Cpp.Pract05.Final01\ITMO.Cpp.Pract05.Final01.vcxproj", "{827F8DD7-AE2C-46AC-8FD1-4E4C4ED03671}"
EndProject
Project("{8BC9CEB8-8B4A-11D0-8D11-00A0C91BC942}") = "ITMO.Cpp.Pract05.Final02", "Pract05\Final\ITMO.Cpp.Pract05.Final02\ITMO.Cpp.Pract05.Final02.vcxproj", "{4FF358C7-C5D4-40A0-8544-FAFAB2774BDF}"
EndProject
Project("{8BC9CEB8-8B4A-11D0-8D11-00A0C91BC942}") = "ITMO.Cpp.Pract05.Final03", "Pract05\Final\ITMO.Cpp.Pract05.Final03\ITMO.Cpp.Pract05.Final03.vcxproj", "{E998CAE5-1F4C-4951-AD7C-EB83A4B4BCDF}"
EndProject
Project("{8BC9CEB8-8B4A-11D0-8D11-00A0C91BC942}") = "ITMO.Cpp.Pract05.Final04", "Pract05\Final\ITMO.Cpp.Pract05.Final04\ITMO.Cpp.Pract05.Final04.vcxproj", "{8DFADF18-85BD-412E-BD26-33780F47E575}"
EndProject
Project("{2150E333-8FDC-42A3-9474-1A3956D46DE8}") = "Pract06", "Pract06", "{0D05AF2C-2D46-4CC3-957E-11600AD61DBC}"
EndProject
Project("{2150E333-8FDC-42A3-9474-1A3956D46DE8}") = "Base", "Base", "{07957445-3902-471F-BFB3-985FF2338527}"
EndProject
Project("{2150E333-8FDC-42A3-9474-1A3956D46DE8}") = "Final", "Final", "{CD5B4F25-47DB-4777-9FEF-33D1F4A58329}"
EndProject
Project("{8BC9CEB8-8B4A-11D0-8D11-00A0C91BC942}") = "ITMO.Cpp.Pract06.Base01", "Pract06\Base\ITMO.Cpp.Pract06.Base01\ITMO.Cpp.Pract06.Base01.vcxproj", "{1CBEEDE4-1D7C-43DB-A37C-EE9DF827AD56}"
EndProject
Project("{8BC9CEB8-8B4A-11D0-8D11-00A0C91BC942}") = "ITMO.Cpp.Pract06.Base02", "Pract06\Base\ITMO.Cpp.Pract06.Base02\ITMO.Cpp.Pract06.Base02.vcxproj", "{8CED2BF9-0D08-4803-AE94-1778C7C0AD07}"
EndProject
Project("{8BC9CEB8-8B4A-11D0-8D11-00A0C91BC942}") = "ITMO.Cpp.Pract06.Final01", "Pract06\Final\ITMO.Cpp.Pract06.Final01\ITMO.Cpp.Pract06.Final01.vcxproj", "{071DC36F-D695-4233-88A5-A49ED47F5027}"
EndProject
Project("{8BC9CEB8-8B4A-11D0-8D11-00A0C91BC942}") = "ITMO.Cpp.Pract06.Final02", "Pract06\Final\ITMO.Cpp.Pract06.Final02\ITMO.Cpp.Pract06.Final02.vcxproj", "{A8A7EF58-6140-4307-8AC6-91888E547D2D}"
EndProject
Project("{8BC9CEB8-8B4A-11D0-8D11-00A0C91BC942}") = "ITMO.Cpp.Pract06.Final03", "Pract06\Final\ITMO.Cpp.Pract06.Final03\ITMO.Cpp.Pract06.Final03.vcxproj", "{8ABA7CA6-1088-40C3-A1ED-AED2AD845A57}"
EndProject
Project("{2150E333-8FDC-42A3-9474-1A3956D46DE8}") = "Pract07", "Pract07", "{553D5FA5-993C-400D-A3CD-6B46BF37A86E}"
EndProject
Project("{2150E333-8FDC-42A3-9474-1A3956D46DE8}") = "Base", "Base", "{E585D0F1-74E4-4F49-8C37-81B991F3E53A}"
EndProject
Project("{2150E333-8FDC-42A3-9474-1A3956D46DE8}") = "Final", "Final", "{AB90AA85-13E0-4491-B01E-EA73D2883B9B}"
EndProject
Project("{8BC9CEB8-8B4A-11D0-8D11-00A0C91BC942}") = "ITMO.Cpp.Pract07.Base01", "Pract07\Base\ITMO.Cpp.Pract07.Base01\ITMO.Cpp.Pract07.Base01.vcxproj", "{9CEC848A-78FA-45D0-A22E-118D41152368}"
EndProject
Project("{8BC9CEB8-8B4A-11D0-8D11-00A0C91BC942}") = "ITMO.Cpp.Pract07.Base02", "Pract07\Base\ITMO.Cpp.Pract07.Base02\ITMO.Cpp.Pract07.Base02.vcxproj", "{A1004C29-53D2-4141-B43F-D3CDC117CE87}"
EndProject
Project("{8BC9CEB8-8B4A-11D0-8D11-00A0C91BC942}") = "ITMO.Cpp.Pract07.Base03", "Pract07\Base\ITMO.Cpp.Pract07.Base03\ITMO.Cpp.Pract07.Base03.vcxproj", "{654822DF-B517-42B9-A279-D5ABD7FD201C}"
EndProject
Project("{8BC9CEB8-8B4A-11D0-8D11-00A0C91BC942}") = "ITMO.Cpp.Pract07.Base04", "Pract07\Base\ITMO.Cpp.Pract07.Base04\ITMO.Cpp.Pract07.Base04.vcxproj", "{764A358C-8E93-48CD-8427-49E7EBC80345}"
EndProject
Project("{8BC9CEB8-8B4A-11D0-8D11-00A0C91BC942}") = "ITMO.Cpp.Pract07.Base05", "Pract07\Base\ITMO.Cpp.Pract07.Base05\ITMO.Cpp.Pract07.Base05.vcxproj", "{86F52668-718C-4B6A-AE1F-37284A760CD7}"
EndProject
Project("{8BC9CEB8-8B4A-11D0-8D11-00A0C91BC942}") = "ITMO.Cpp.Pract07.Final01", "Pract07\Final\ITMO.Cpp.Pract07.Final01\ITMO.Cpp.Pract07.Final01.vcxproj", "{242DDB21-65C2-4328-9CBC-2D240E5D44A7}"
EndProject
Project("{8BC9CEB8-8B4A-11D0-8D11-00A0C91BC942}") = "ITMO.Cpp.Pract07.Final02", "Pract07\Final\ITMO.Cpp.Pract07.Final02\ITMO.Cpp.Pract07.Final02.vcxproj", "{BB68481E-7B6B-46DE-8B2D-D024DC19A412}"
EndProject
Project("{8BC9CEB8-8B4A-11D0-8D11-00A0C91BC942}") = "ITMO.Cpp.Pract07.Final03", "Pract07\Final\ITMO.Cpp.Pract07.Final03\ITMO.Cpp.Pract07.Final03.vcxproj", "{BEF6A063-6815-43A0-A83A-D3C7CF429524}"
EndProject
Project("{2150E333-8FDC-42A3-9474-1A3956D46DE8}") = "Pract08", "Pract08", "{462C1D26-FD35-4D30-99A6-A24B34CA9475}"
EndProject
Project("{2150E333-8FDC-42A3-9474-1A3956D46DE8}") = "Base", "Base", "{BCCFA394-3A91-4146-93EA-7A4A588DACD9}"
EndProject
Project("{2150E333-8FDC-42A3-9474-1A3956D46DE8}") = "Final", "Final", "{AA712FB3-C042-4FCA-AC14-D229E183A179}"
EndProject
Project("{8BC9CEB8-8B4A-11D0-8D11-00A0C91BC942}") = "ITMO.Cpp.Pract08.Base01", "Pract08\Base\ITMO.Cpp.Pract08.Base01\ITMO.Cpp.Pract08.Base01.vcxproj", "{FA93F9E1-A4B0-45F7-94F1-DEB05CB9894E}"
EndProject
Project("{8BC9CEB8-8B4A-11D0-8D11-00A0C91BC942}") = "ITMO.Cpp.Pract08.Base02", "Pract08\Base\ITMO.Cpp.Pract08.Base02\ITMO.Cpp.Pract08.Base02.vcxproj", "{27E09EF3-DA22-43AA-9EF1-59CB5C681D86}"
EndProject
Project("{8BC9CEB8-8B4A-11D0-8D11-00A0C91BC942}") = "ITMO.Cpp.Pract08.Base03", "Pract08\Base\ITMO.Cpp.Pract08.Base03\ITMO.Cpp.Pract08.Base03.vcxproj", "{5A75A2BC-D177-459F-8F08-D5E186A43D6A}"
EndProject
Project("{8BC9CEB8-8B4A-11D0-8D11-00A0C91BC942}") = "ITMO.Cpp.Pract08.Base04", "Pract08\Base\ITMO.Cpp.Pract08.Base04\ITMO.Cpp.Pract08.Base04.vcxproj", "{D65F7A76-6BD5-4C46-9AC8-59E38D7DDD3C}"
EndProject
Project("{8BC9CEB8-8B4A-11D0-8D11-00A0C91BC942}") = "ITMO.Cpp.Pract08.Base05", "Pract08\Base\ITMO.Cpp.Pract08.Base05\ITMO.Cpp.Pract08.Base05.vcxproj", "{59DDD5DA-EFD9-47F0-A9AE-8F0B1D98AB3E}"
EndProject
Project("{8BC9CEB8-8B4A-11D0-8D11-00A0C91BC942}") = "ITMO.Cpp.Pract08.Final01", "Pract08\Final\ITMO.Cpp.Pract08.Final01\ITMO.Cpp.Pract08.Final01.vcxproj", "{9E46575F-A7F7-486F-8E65-DED70726E9B9}"
EndProject
Project("{2150E333-8FDC-42A3-9474-1A3956D46DE8}") = "Pract09", "Pract09", "{07979653-DE8B-4A10-8100-4095457DB21A}"
EndProject
Project("{2150E333-8FDC-42A3-9474-1A3956D46DE8}") = "Base", "Base", "{0EFB93DD-F438-45D1-85F1-EFA2A897CFF8}"
EndProject
Project("{2150E333-8FDC-42A3-9474-1A3956D46DE8}") = "Final", "Final", "{7D046780-082F-4078-BACA-60C032700749}"
EndProject
Project("{8BC9CEB8-8B4A-11D0-8D11-00A0C91BC942}") = "ITMO.Cpp.Pract09.Base01", "Pract09\Base\ITMO.Cpp.Pract09.Base01\ITMO.Cpp.Pract09.Base01.vcxproj", "{B94B36C7-CD4C-4DF2-AF85-1AD4F4ACCB42}"
EndProject
Project("{8BC9CEB8-8B4A-11D0-8D11-00A0C91BC942}") = "ITMO.Cpp.Pract09.Base02", "Pract09\Base\ITMO.Cpp.Pract09.Base02\ITMO.Cpp.Pract09.Base02.vcxproj", "{B08FB285-D83B-48B6-994B-EB6754DFA398}"
EndProject
Project("{8BC9CEB8-8B4A-11D0-8D11-00A0C91BC942}") = "ITMO.Cpp.Pract09.Base03", "Pract09\Base\ITMO.Cpp.Pract09.Base03\ITMO.Cpp.Pract09.Base03.vcxproj", "{FBE0FFB4-91C6-46AC-97FC-0EFBFBA26DE1}"
EndProject
Project("{8BC9CEB8-8B4A-11D0-8D11-00A0C91BC942}") = "ITMO.Cpp.Pract09.Final01", "Pract09\Final\ITMO.Cpp.Pract09.Final01\ITMO.Cpp.Pract09.Final01.vcxproj", "{BA3E0392-9BD2-46B3-8E72-93327A7952A4}"
EndProject
Project("{8BC9CEB8-8B4A-11D0-8D11-00A0C91BC942}") = "ITMO.Cpp.Pract09.Final02", "Pract09\Final\ITMO.Cpp.Pract09.Final02\ITMO.Cpp.Pract09.Final02.vcxproj", "{6A54A4EA-951D-4AD9-B582-3F8E78A222EE}"
EndProject
Project("{2150E333-8FDC-42A3-9474-1A3956D46DE8}") = "Pract10", "Pract10", "{71DD0AA9-AC3D-4690-8261-0D7DA2FA432A}"
EndProject
Project("{2150E333-8FDC-42A3-9474-1A3956D46DE8}") = "Base", "Base", "{3B5B4B74-6007-4AE0-8260-AE45C0D29518}"
EndProject
Project("{2150E333-8FDC-42A3-9474-1A3956D46DE8}") = "Final", "Final", "{1789CED9-1306-42F7-884F-7533BE90324B}"
EndProject
Project("{8BC9CEB8-8B4A-11D0-8D11-00A0C91BC942}") = "ITMO.Cpp.Pract10.Base01", "Pract10\Base\ITMO.Cpp.Pract10.Base01\ITMO.Cpp.Pract10.Base01.vcxproj", "{BF629189-1408-4291-8B98-175F97FE82C3}"
EndProject
Project("{8BC9CEB8-8B4A-11D0-8D11-00A0C91BC942}") = "ITMO.Cpp.Pract10.Final01", "Pract10\Final\ITMO.Cpp.Pract10.Final01\ITMO.Cpp.Pract10.Final01.vcxproj", "{F5D1FFDC-1DBB-47E3-8679-B4821C1698D7}"
EndProject
Project("{2150E333-8FDC-42A3-9474-1A3956D46DE8}") = "Pract11", "Pract11", "{585EE17E-A468-45D4-8FE2-DDD246DBE3B1}"
EndProject
Project("{2150E333-8FDC-42A3-9474-1A3956D46DE8}") = "Base", "Base", "{511E5977-8999-4470-8B8A-396D67DF52FD}"
EndProject
Project("{2150E333-8FDC-42A3-9474-1A3956D46DE8}") = "Final", "Final", "{C0F72ADD-00BB-4609-A579-F164CE803FFD}"
EndProject
Project("{8BC9CEB8-8B4A-11D0-8D11-00A0C91BC942}") = "ITMO.Cpp.Pract11.Base01", "Pract11\Base\ITMO.Cpp.Pract11.Base01\ITMO.Cpp.Pract11.Base01.vcxproj", "{95CCBF87-BAD2-4C85-9B94-79570A0ED151}"
EndProject
Project("{8BC9CEB8-8B4A-11D0-8D11-00A0C91BC942}") = "ITMO.Cpp.Pract11.Final01", "Pract11\Final\ITMO.Cpp.Pract11.Final01\ITMO.Cpp.Pract11.Final01.vcxproj", "{E99C65DE-0045-4A8F-AE7F-CBAA3EC582B8}"
EndProject
Project("{8BC9CEB8-8B4A-11D0-8D11-00A0C91BC942}") = "ITMO.Cpp.Pract11.Final02", "Pract11\Final\ITMO.Cpp.Pract11.Final02\ITMO.Cpp.Pract11.Final02.vcxproj", "{5BDE2737-98E9-489B-B264-70268E25E52C}"
EndProject
Project("{2150E333-8FDC-42A3-9474-1A3956D46DE8}") = "Pract12", "Pract12", "{983041D6-54BE-4E5B-8F72-062AAA96E285}"
EndProject
Project("{2150E333-8FDC-42A3-9474-1A3956D46DE8}") = "Base", "Base", "{8F23EC76-5294-467C-AE0E-9D5491E19E8F}"
EndProject
Project("{8BC9CEB8-8B4A-11D0-8D11-00A0C91BC942}") = "ITMO.Cpp.Pract12.Base", "Pract12\Base\ITMO.Cpp.Pract12.Base\ITMO.Cpp.Pract12.Base.vcxproj", "{1EB27230-2D6F-45F3-8150-46518CBE2B13}"
EndProject
Project("{2150E333-8FDC-42A3-9474-1A3956D46DE8}") = "Pract13", "Pract13", "{943A757D-165B-487A-A3D1-473F66CB5D37}"
EndProject
Project("{2150E333-8FDC-42A3-9474-1A3956D46DE8}") = "Base", "Base", "{41B6D6E1-2754-45D4-9037-725E2FAA3498}"
EndProject
Project("{2150E333-8FDC-42A3-9474-1A3956D46DE8}") = "Final", "Final", "{7571EEE6-D1A3-4005-B7D1-21FED9B4FD74}"
EndProject
Project("{8BC9CEB8-8B4A-11D0-8D11-00A0C91BC942}") = "ITMO.Cpp.Pract13.Base01", "Pract13\Base\ITMO.Cpp.Pract13.Base01\ITMO.Cpp.Pract13.Base01.vcxproj", "{69E60A99-0E13-4D17-A73B-A5BD6C37AE50}"
EndProject
Project("{8BC9CEB8-8B4A-11D0-8D11-00A0C91BC942}") = "ITMO.Cpp.Pract13.Final01", "Pract13\Final\ITMO.Cpp.Pract13.Final01\ITMO.Cpp.Pract13.Final01.vcxproj", "{958A45C6-4411-4038-B42C-AE470E585859}"
EndProject
Project("{2150E333-8FDC-42A3-9474-1A3956D46DE8}") = "Pract14", "Pract14", "{0A38CA85-4FD0-419B-9C1F-A0E80DD69532}"
EndProject
Project("{2150E333-8FDC-42A3-9474-1A3956D46DE8}") = "Base", "Base", "{13F022F4-C901-4482-87D7-C46DA363A5C0}"
EndProject
Project("{2150E333-8FDC-42A3-9474-1A3956D46DE8}") = "Final", "Final", "{E71E5B8A-FD79-48A7-BD26-E5A3C477945B}"
EndProject
Project("{8BC9CEB8-8B4A-11D0-8D11-00A0C91BC942}") = "ITMO.Cpp.Pract14.Base01", "Pract14\Base\ITMO.Cpp.Pract14.Base01\ITMO.Cpp.Pract14.Base01.vcxproj", "{7672EDA8-D952-4A40-BD6F-B2BEC0729B34}"
EndProject
Project("{8BC9CEB8-8B4A-11D0-8D11-00A0C91BC942}") = "ITMO.Cpp.Pract14.Base02", "Pract14\Base\ITMO.Cpp.Pract14.Base02\ITMO.Cpp.Pract14.Base02.vcxproj", "{44C45E2F-0E53-4A3A-9557-4A29D4C06FDA}"
EndProject
Project("{8BC9CEB8-8B4A-11D0-8D11-00A0C91BC942}") = "ITMO.Cpp.Pract14.Base03", "Pract14\Base\ITMO.Cpp.Pract14.Base03\ITMO.Cpp.Pract14.Base03.vcxproj", "{9F1FA615-465A-4CBF-B285-2FF19F918940}"
EndProject
Project("{8BC9CEB8-8B4A-11D0-8D11-00A0C91BC942}") = "ITMO.Cpp.Pract14.Base04", "Pract14\Base\ITMO.Cpp.Pract14.Base04\ITMO.Cpp.Pract14.Base04.vcxproj", "{E08A0BC3-CFA1-460A-B221-A55C95BF5954}"
EndProject
Project("{8BC9CEB8-8B4A-11D0-8D11-00A0C91BC942}") = "ITMO.Cpp.Pract14.Final01", "Pract14\Final\ITMO.Cpp.Pract14.Final01\ITMO.Cpp.Pract14.Final01.vcxproj", "{32890094-308C-459E-99F0-D96B14E0C063}"
EndProject
Project("{8BC9CEB8-8B4A-11D0-8D11-00A0C91BC942}") = "ITMO.Cpp.Pract14.Final02", "Pract14\Final\ITMO.Cpp.Pract14.Final02\ITMO.Cpp.Pract14.Final02.vcxproj", "{609610F2-A621-41F4-91B2-E66483193146}"
EndProject
Project("{2150E333-8FDC-42A3-9474-1A3956D46DE8}") = "Pract15", "Pract15", "{F4A46313-9504-486E-98C3-E0857ADCD4D5}"
EndProject
Project("{2150E333-8FDC-42A3-9474-1A3956D46DE8}") = "Base", "Base", "{DA93CD2E-4FE7-480D-8B92-EA174C4906A6}"
EndProject
Project("{2150E333-8FDC-42A3-9474-1A3956D46DE8}") = "Final", "Final", "{B1D9EF8D-76E5-44FC-AC51-A9426A6ED8CF}"
EndProject
Project("{8BC9CEB8-8B4A-11D0-8D11-00A0C91BC942}") = "ITMO.Cpp.Pract15.Base01", "Pract15\Base\ITMO.Cpp.Pract15.Base01\ITMO.Cpp.Pract15.Base01.vcxproj", "{E20ABE07-676A-4504-853F-0853512C82AB}"
EndProject
Project("{8BC9CEB8-8B4A-11D0-8D11-00A0C91BC942}") = "ITMO.Cpp.Pract15.Final01", "Pract15\Final\ITMO.Cpp.Pract15.Final01\ITMO.Cpp.Pract15.Final01.vcxproj", "{4EF126BE-13C1-47D4-B624-0F9738C5413E}"
EndProject
Project("{2150E333-8FDC-42A3-9474-1A3956D46DE8}") = "Test", "Test", "{AFD8CF53-A3D9-443D-B8CE-1FC3EE27694E}"
EndProject
Project("{8BC9CEB8-8B4A-11D0-8D11-00A0C91BC942}") = "ITMO.Cpp.Test.Task01", "Test\ITMO.Cpp.Test.Task01\ITMO.Cpp.Test.Task01.vcxproj", "{BCA383A8-E446-49EF-9D4E-85A18DB1431F}"
EndProject
Project("{8BC9CEB8-8B4A-11D0-8D11-00A0C91BC942}") = "ITMO.Cpp.Test.Task02", "Test\ITMO.Cpp.Test.Task02\ITMO.Cpp.Test.Task02.vcxproj", "{8203605F-021E-4BD3-94B4-917DA93BCBBA}"
EndProject
Project("{8BC9CEB8-8B4A-11D0-8D11-00A0C91BC942}") = "ITMO.Cpp.Test.Task03", "Test\ITMO.Cpp.Test.Task03\ITMO.Cpp.Test.Task03.vcxproj", "{CAB77F87-7559-45E3-B860-EBCDEEEB4696}"
EndProject
Project("{8BC9CEB8-8B4A-11D0-8D11-00A0C91BC942}") = "ITMO.Cpp.Test.Task04", "Test\ITMO.Cpp.Test.Task04\ITMO.Cpp.Test.Task04.vcxproj", "{9204B9E7-3FB2-4833-9C3B-82FBBEA39A8F}"
EndProject
Project("{2150E333-8FDC-42A3-9474-1A3956D46DE8}") = "Zachot", "Zachot", "{30475274-DE83-425F-9E61-207E7A4B8313}"
EndProject
Project("{8BC9CEB8-8B4A-11D0-8D11-00A0C91BC942}") = "ITMO.Cpp.Zachot.AddressBook", "Zachot\ITMO.Cpp.Zachot.AddressBook\ITMO.Cpp.Zachot.AddressBook.vcxproj", "{DD882A6F-BAA0-40E9-A52B-7918F576ED9F}"
EndProject
Global
	GlobalSection(SolutionConfigurationPlatforms) = preSolution
		Debug|x64 = Debug|x64
		Debug|x86 = Debug|x86
		Release|x64 = Release|x64
		Release|x86 = Release|x86
	EndGlobalSection
	GlobalSection(ProjectConfigurationPlatforms) = postSolution
		{D0FFF024-CB5E-4015-B630-DEFE377B0FBC}.Debug|x64.ActiveCfg = Debug|x64
		{D0FFF024-CB5E-4015-B630-DEFE377B0FBC}.Debug|x64.Build.0 = Debug|x64
		{D0FFF024-CB5E-4015-B630-DEFE377B0FBC}.Debug|x86.ActiveCfg = Debug|Win32
		{D0FFF024-CB5E-4015-B630-DEFE377B0FBC}.Debug|x86.Build.0 = Debug|Win32
		{D0FFF024-CB5E-4015-B630-DEFE377B0FBC}.Release|x64.ActiveCfg = Release|x64
		{D0FFF024-CB5E-4015-B630-DEFE377B0FBC}.Release|x64.Build.0 = Release|x64
		{D0FFF024-CB5E-4015-B630-DEFE377B0FBC}.Release|x86.ActiveCfg = Release|Win32
		{D0FFF024-CB5E-4015-B630-DEFE377B0FBC}.Release|x86.Build.0 = Release|Win32
		{EB7233C0-4F37-4F00-8151-545FBDC46047}.Debug|x64.ActiveCfg = Debug|x64
		{EB7233C0-4F37-4F00-8151-545FBDC46047}.Debug|x64.Build.0 = Debug|x64
		{EB7233C0-4F37-4F00-8151-545FBDC46047}.Debug|x86.ActiveCfg = Debug|Win32
		{EB7233C0-4F37-4F00-8151-545FBDC46047}.Debug|x86.Build.0 = Debug|Win32
		{EB7233C0-4F37-4F00-8151-545FBDC46047}.Release|x64.ActiveCfg = Release|x64
		{EB7233C0-4F37-4F00-8151-545FBDC46047}.Release|x64.Build.0 = Release|x64
		{EB7233C0-4F37-4F00-8151-545FBDC46047}.Release|x86.ActiveCfg = Release|Win32
		{EB7233C0-4F37-4F00-8151-545FBDC46047}.Release|x86.Build.0 = Release|Win32
		{0662052C-1614-4EC3-BD87-35F046365519}.Debug|x64.ActiveCfg = Debug|x64
		{0662052C-1614-4EC3-BD87-35F046365519}.Debug|x64.Build.0 = Debug|x64
		{0662052C-1614-4EC3-BD87-35F046365519}.Debug|x86.ActiveCfg = Debug|Win32
		{0662052C-1614-4EC3-BD87-35F046365519}.Debug|x86.Build.0 = Debug|Win32
		{0662052C-1614-4EC3-BD87-35F046365519}.Release|x64.ActiveCfg = Release|x64
		{0662052C-1614-4EC3-BD87-35F046365519}.Release|x64.Build.0 = Release|x64
		{0662052C-1614-4EC3-BD87-35F046365519}.Release|x86.ActiveCfg = Release|Win32
		{0662052C-1614-4EC3-BD87-35F046365519}.Release|x86.Build.0 = Release|Win32
		{6060B075-DE5F-44FF-BE93-638A9CF1A0B0}.Debug|x64.ActiveCfg = Debug|x64
		{6060B075-DE5F-44FF-BE93-638A9CF1A0B0}.Debug|x64.Build.0 = Debug|x64
		{6060B075-DE5F-44FF-BE93-638A9CF1A0B0}.Debug|x86.ActiveCfg = Debug|Win32
		{6060B075-DE5F-44FF-BE93-638A9CF1A0B0}.Debug|x86.Build.0 = Debug|Win32
		{6060B075-DE5F-44FF-BE93-638A9CF1A0B0}.Release|x64.ActiveCfg = Release|x64
		{6060B075-DE5F-44FF-BE93-638A9CF1A0B0}.Release|x64.Build.0 = Release|x64
		{6060B075-DE5F-44FF-BE93-638A9CF1A0B0}.Release|x86.ActiveCfg = Release|Win32
		{6060B075-DE5F-44FF-BE93-638A9CF1A0B0}.Release|x86.Build.0 = Release|Win32
		{DF86D66B-F286-49B0-A6E9-68A624DBA7AF}.Debug|x64.ActiveCfg = Debug|x64
		{DF86D66B-F286-49B0-A6E9-68A624DBA7AF}.Debug|x64.Build.0 = Debug|x64
		{DF86D66B-F286-49B0-A6E9-68A624DBA7AF}.Debug|x86.ActiveCfg = Debug|Win32
		{DF86D66B-F286-49B0-A6E9-68A624DBA7AF}.Debug|x86.Build.0 = Debug|Win32
		{DF86D66B-F286-49B0-A6E9-68A624DBA7AF}.Release|x64.ActiveCfg = Release|x64
		{DF86D66B-F286-49B0-A6E9-68A624DBA7AF}.Release|x64.Build.0 = Release|x64
		{DF86D66B-F286-49B0-A6E9-68A624DBA7AF}.Release|x86.ActiveCfg = Release|Win32
		{DF86D66B-F286-49B0-A6E9-68A624DBA7AF}.Release|x86.Build.0 = Release|Win32
		{A27869E0-7DE1-4F7D-922F-7939495C2777}.Debug|x64.ActiveCfg = Debug|x64
		{A27869E0-7DE1-4F7D-922F-7939495C2777}.Debug|x64.Build.0 = Debug|x64
		{A27869E0-7DE1-4F7D-922F-7939495C2777}.Debug|x86.ActiveCfg = Debug|Win32
		{A27869E0-7DE1-4F7D-922F-7939495C2777}.Debug|x86.Build.0 = Debug|Win32
		{A27869E0-7DE1-4F7D-922F-7939495C2777}.Release|x64.ActiveCfg = Release|x64
		{A27869E0-7DE1-4F7D-922F-7939495C2777}.Release|x64.Build.0 = Release|x64
		{A27869E0-7DE1-4F7D-922F-7939495C2777}.Release|x86.ActiveCfg = Release|Win32
		{A27869E0-7DE1-4F7D-922F-7939495C2777}.Release|x86.Build.0 = Release|Win32
		{257F7D43-9DD1-4DBB-B341-E85CBDBFD378}.Debug|x64.ActiveCfg = Debug|x64
		{257F7D43-9DD1-4DBB-B341-E85CBDBFD378}.Debug|x64.Build.0 = Debug|x64
		{257F7D43-9DD1-4DBB-B341-E85CBDBFD378}.Debug|x86.ActiveCfg = Debug|Win32
		{257F7D43-9DD1-4DBB-B341-E85CBDBFD378}.Debug|x86.Build.0 = Debug|Win32
		{257F7D43-9DD1-4DBB-B341-E85CBDBFD378}.Release|x64.ActiveCfg = Release|x64
		{257F7D43-9DD1-4DBB-B341-E85CBDBFD378}.Release|x64.Build.0 = Release|x64
		{257F7D43-9DD1-4DBB-B341-E85CBDBFD378}.Release|x86.ActiveCfg = Release|Win32
		{257F7D43-9DD1-4DBB-B341-E85CBDBFD378}.Release|x86.Build.0 = Release|Win32
		{95A41423-F9A1-453E-BC1C-A4C7497F6919}.Debug|x64.ActiveCfg = Debug|x64
		{95A41423-F9A1-453E-BC1C-A4C7497F6919}.Debug|x64.Build.0 = Debug|x64
		{95A41423-F9A1-453E-BC1C-A4C7497F6919}.Debug|x86.ActiveCfg = Debug|Win32
		{95A41423-F9A1-453E-BC1C-A4C7497F6919}.Debug|x86.Build.0 = Debug|Win32
		{95A41423-F9A1-453E-BC1C-A4C7497F6919}.Release|x64.ActiveCfg = Release|x64
		{95A41423-F9A1-453E-BC1C-A4C7497F6919}.Release|x64.Build.0 = Release|x64
		{95A41423-F9A1-453E-BC1C-A4C7497F6919}.Release|x86.ActiveCfg = Release|Win32
		{95A41423-F9A1-453E-BC1C-A4C7497F6919}.Release|x86.Build.0 = Release|Win32
		{5A50A4E9-3A03-4BC0-8329-C8ADAC0C58F2}.Debug|x64.ActiveCfg = Debug|x64
		{5A50A4E9-3A03-4BC0-8329-C8ADAC0C58F2}.Debug|x64.Build.0 = Debug|x64
		{5A50A4E9-3A03-4BC0-8329-C8ADAC0C58F2}.Debug|x86.ActiveCfg = Debug|Win32
		{5A50A4E9-3A03-4BC0-8329-C8ADAC0C58F2}.Debug|x86.Build.0 = Debug|Win32
		{5A50A4E9-3A03-4BC0-8329-C8ADAC0C58F2}.Release|x64.ActiveCfg = Release|x64
		{5A50A4E9-3A03-4BC0-8329-C8ADAC0C58F2}.Release|x64.Build.0 = Release|x64
		{5A50A4E9-3A03-4BC0-8329-C8ADAC0C58F2}.Release|x86.ActiveCfg = Release|Win32
		{5A50A4E9-3A03-4BC0-8329-C8ADAC0C58F2}.Release|x86.Build.0 = Release|Win32
		{B7348709-A701-46A0-91A5-E54E2C227DB5}.Debug|x64.ActiveCfg = Debug|x64
		{B7348709-A701-46A0-91A5-E54E2C227DB5}.Debug|x64.Build.0 = Debug|x64
		{B7348709-A701-46A0-91A5-E54E2C227DB5}.Debug|x86.ActiveCfg = Debug|Win32
		{B7348709-A701-46A0-91A5-E54E2C227DB5}.Debug|x86.Build.0 = Debug|Win32
		{B7348709-A701-46A0-91A5-E54E2C227DB5}.Release|x64.ActiveCfg = Release|x64
		{B7348709-A701-46A0-91A5-E54E2C227DB5}.Release|x64.Build.0 = Release|x64
		{B7348709-A701-46A0-91A5-E54E2C227DB5}.Release|x86.ActiveCfg = Release|Win32
		{B7348709-A701-46A0-91A5-E54E2C227DB5}.Release|x86.Build.0 = Release|Win32
		{692541B1-1032-4BCA-8368-4A1974F216F7}.Debug|x64.ActiveCfg = Debug|x64
		{692541B1-1032-4BCA-8368-4A1974F216F7}.Debug|x64.Build.0 = Debug|x64
		{692541B1-1032-4BCA-8368-4A1974F216F7}.Debug|x86.ActiveCfg = Debug|Win32
		{692541B1-1032-4BCA-8368-4A1974F216F7}.Debug|x86.Build.0 = Debug|Win32
		{692541B1-1032-4BCA-8368-4A1974F216F7}.Release|x64.ActiveCfg = Release|x64
		{692541B1-1032-4BCA-8368-4A1974F216F7}.Release|x64.Build.0 = Release|x64
		{692541B1-1032-4BCA-8368-4A1974F216F7}.Release|x86.ActiveCfg = Release|Win32
		{692541B1-1032-4BCA-8368-4A1974F216F7}.Release|x86.Build.0 = Release|Win32
		{F142F4F2-0799-4F8F-9EC7-EBA1974A3867}.Debug|x64.ActiveCfg = Debug|x64
		{F142F4F2-0799-4F8F-9EC7-EBA1974A3867}.Debug|x64.Build.0 = Debug|x64
		{F142F4F2-0799-4F8F-9EC7-EBA1974A3867}.Debug|x86.ActiveCfg = Debug|Win32
		{F142F4F2-0799-4F8F-9EC7-EBA1974A3867}.Debug|x86.Build.0 = Debug|Win32
		{F142F4F2-0799-4F8F-9EC7-EBA1974A3867}.Release|x64.ActiveCfg = Release|x64
		{F142F4F2-0799-4F8F-9EC7-EBA1974A3867}.Release|x64.Build.0 = Release|x64
		{F142F4F2-0799-4F8F-9EC7-EBA1974A3867}.Release|x86.ActiveCfg = Release|Win32
		{F142F4F2-0799-4F8F-9EC7-EBA1974A3867}.Release|x86.Build.0 = Release|Win32
		{CC50B0AF-E9E0-4CF5-8FC9-069430CA4985}.Debug|x64.ActiveCfg = Debug|x64
		{CC50B0AF-E9E0-4CF5-8FC9-069430CA4985}.Debug|x64.Build.0 = Debug|x64
		{CC50B0AF-E9E0-4CF5-8FC9-069430CA4985}.Debug|x86.ActiveCfg = Debug|Win32
		{CC50B0AF-E9E0-4CF5-8FC9-069430CA4985}.Debug|x86.Build.0 = Debug|Win32
		{CC50B0AF-E9E0-4CF5-8FC9-069430CA4985}.Release|x64.ActiveCfg = Release|x64
		{CC50B0AF-E9E0-4CF5-8FC9-069430CA4985}.Release|x64.Build.0 = Release|x64
		{CC50B0AF-E9E0-4CF5-8FC9-069430CA4985}.Release|x86.ActiveCfg = Release|Win32
		{CC50B0AF-E9E0-4CF5-8FC9-069430CA4985}.Release|x86.Build.0 = Release|Win32
		{DC37ED84-016B-4440-B8C4-A564916C05C1}.Debug|x64.ActiveCfg = Debug|x64
		{DC37ED84-016B-4440-B8C4-A564916C05C1}.Debug|x64.Build.0 = Debug|x64
		{DC37ED84-016B-4440-B8C4-A564916C05C1}.Debug|x86.ActiveCfg = Debug|Win32
		{DC37ED84-016B-4440-B8C4-A564916C05C1}.Debug|x86.Build.0 = Debug|Win32
		{DC37ED84-016B-4440-B8C4-A564916C05C1}.Release|x64.ActiveCfg = Release|x64
		{DC37ED84-016B-4440-B8C4-A564916C05C1}.Release|x64.Build.0 = Release|x64
		{DC37ED84-016B-4440-B8C4-A564916C05C1}.Release|x86.ActiveCfg = Release|Win32
		{DC37ED84-016B-4440-B8C4-A564916C05C1}.Release|x86.Build.0 = Release|Win32
		{5144278F-974D-4933-89C7-D8C249B2D972}.Debug|x64.ActiveCfg = Debug|x64
		{5144278F-974D-4933-89C7-D8C249B2D972}.Debug|x64.Build.0 = Debug|x64
		{5144278F-974D-4933-89C7-D8C249B2D972}.Debug|x86.ActiveCfg = Debug|Win32
		{5144278F-974D-4933-89C7-D8C249B2D972}.Debug|x86.Build.0 = Debug|Win32
		{5144278F-974D-4933-89C7-D8C249B2D972}.Release|x64.ActiveCfg = Release|x64
		{5144278F-974D-4933-89C7-D8C249B2D972}.Release|x64.Build.0 = Release|x64
		{5144278F-974D-4933-89C7-D8C249B2D972}.Release|x86.ActiveCfg = Release|Win32
		{5144278F-974D-4933-89C7-D8C249B2D972}.Release|x86.Build.0 = Release|Win32
		{13CFF7D9-65E0-4425-B124-02D3213D3568}.Debug|x64.ActiveCfg = Debug|x64
		{13CFF7D9-65E0-4425-B124-02D3213D3568}.Debug|x64.Build.0 = Debug|x64
		{13CFF7D9-65E0-4425-B124-02D3213D3568}.Debug|x86.ActiveCfg = Debug|Win32
		{13CFF7D9-65E0-4425-B124-02D3213D3568}.Debug|x86.Build.0 = Debug|Win32
		{13CFF7D9-65E0-4425-B124-02D3213D3568}.Release|x64.ActiveCfg = Release|x64
		{13CFF7D9-65E0-4425-B124-02D3213D3568}.Release|x64.Build.0 = Release|x64
		{13CFF7D9-65E0-4425-B124-02D3213D3568}.Release|x86.ActiveCfg = Release|Win32
		{13CFF7D9-65E0-4425-B124-02D3213D3568}.Release|x86.Build.0 = Release|Win32
		{A1A1DD0E-50D1-43C9-9CCF-D03796D70A60}.Debug|x64.ActiveCfg = Debug|x64
		{A1A1DD0E-50D1-43C9-9CCF-D03796D70A60}.Debug|x64.Build.0 = Debug|x64
		{A1A1DD0E-50D1-43C9-9CCF-D03796D70A60}.Debug|x86.ActiveCfg = Debug|Win32
		{A1A1DD0E-50D1-43C9-9CCF-D03796D70A60}.Debug|x86.Build.0 = Debug|Win32
		{A1A1DD0E-50D1-43C9-9CCF-D03796D70A60}.Release|x64.ActiveCfg = Release|x64
		{A1A1DD0E-50D1-43C9-9CCF-D03796D70A60}.Release|x64.Build.0 = Release|x64
		{A1A1DD0E-50D1-43C9-9CCF-D03796D70A60}.Release|x86.ActiveCfg = Release|Win32
		{A1A1DD0E-50D1-43C9-9CCF-D03796D70A60}.Release|x86.Build.0 = Release|Win32
		{68F1A12C-169C-46A3-8DC9-170A1A466CF4}.Debug|x64.ActiveCfg = Debug|x64
		{68F1A12C-169C-46A3-8DC9-170A1A466CF4}.Debug|x64.Build.0 = Debug|x64
		{68F1A12C-169C-46A3-8DC9-170A1A466CF4}.Debug|x86.ActiveCfg = Debug|Win32
		{68F1A12C-169C-46A3-8DC9-170A1A466CF4}.Debug|x86.Build.0 = Debug|Win32
		{68F1A12C-169C-46A3-8DC9-170A1A466CF4}.Release|x64.ActiveCfg = Release|x64
		{68F1A12C-169C-46A3-8DC9-170A1A466CF4}.Release|x64.Build.0 = Release|x64
		{68F1A12C-169C-46A3-8DC9-170A1A466CF4}.Release|x86.ActiveCfg = Release|Win32
		{68F1A12C-169C-46A3-8DC9-170A1A466CF4}.Release|x86.Build.0 = Release|Win32
		{CE97A8B6-3711-4D31-9619-99E69F5211EA}.Debug|x64.ActiveCfg = Debug|x64
		{CE97A8B6-3711-4D31-9619-99E69F5211EA}.Debug|x64.Build.0 = Debug|x64
		{CE97A8B6-3711-4D31-9619-99E69F5211EA}.Debug|x86.ActiveCfg = Debug|Win32
		{CE97A8B6-3711-4D31-9619-99E69F5211EA}.Debug|x86.Build.0 = Debug|Win32
		{CE97A8B6-3711-4D31-9619-99E69F5211EA}.Release|x64.ActiveCfg = Release|x64
		{CE97A8B6-3711-4D31-9619-99E69F5211EA}.Release|x64.Build.0 = Release|x64
		{CE97A8B6-3711-4D31-9619-99E69F5211EA}.Release|x86.ActiveCfg = Release|Win32
		{CE97A8B6-3711-4D31-9619-99E69F5211EA}.Release|x86.Build.0 = Release|Win32
		{229B6C64-A222-43D3-BCB6-7B57034827FB}.Debug|x64.ActiveCfg = Debug|x64
		{229B6C64-A222-43D3-BCB6-7B57034827FB}.Debug|x64.Build.0 = Debug|x64
		{229B6C64-A222-43D3-BCB6-7B57034827FB}.Debug|x86.ActiveCfg = Debug|Win32
		{229B6C64-A222-43D3-BCB6-7B57034827FB}.Debug|x86.Build.0 = Debug|Win32
		{229B6C64-A222-43D3-BCB6-7B57034827FB}.Release|x64.ActiveCfg = Release|x64
		{229B6C64-A222-43D3-BCB6-7B57034827FB}.Release|x64.Build.0 = Release|x64
		{229B6C64-A222-43D3-BCB6-7B57034827FB}.Release|x86.ActiveCfg = Release|Win32
		{229B6C64-A222-43D3-BCB6-7B57034827FB}.Release|x86.Build.0 = Release|Win32
		{61A046C7-DC47-463B-B02B-1FA552E28EE0}.Debug|x64.ActiveCfg = Debug|x64
		{61A046C7-DC47-463B-B02B-1FA552E28EE0}.Debug|x64.Build.0 = Debug|x64
		{61A046C7-DC47-463B-B02B-1FA552E28EE0}.Debug|x86.ActiveCfg = Debug|Win32
		{61A046C7-DC47-463B-B02B-1FA552E28EE0}.Debug|x86.Build.0 = Debug|Win32
		{61A046C7-DC47-463B-B02B-1FA552E28EE0}.Release|x64.ActiveCfg = Release|x64
		{61A046C7-DC47-463B-B02B-1FA552E28EE0}.Release|x64.Build.0 = Release|x64
		{61A046C7-DC47-463B-B02B-1FA552E28EE0}.Release|x86.ActiveCfg = Release|Win32
		{61A046C7-DC47-463B-B02B-1FA552E28EE0}.Release|x86.Build.0 = Release|Win32
		{827F8DD7-AE2C-46AC-8FD1-4E4C4ED03671}.Debug|x64.ActiveCfg = Debug|x64
		{827F8DD7-AE2C-46AC-8FD1-4E4C4ED03671}.Debug|x64.Build.0 = Debug|x64
		{827F8DD7-AE2C-46AC-8FD1-4E4C4ED03671}.Debug|x86.ActiveCfg = Debug|Win32
		{827F8DD7-AE2C-46AC-8FD1-4E4C4ED03671}.Debug|x86.Build.0 = Debug|Win32
		{827F8DD7-AE2C-46AC-8FD1-4E4C4ED03671}.Release|x64.ActiveCfg = Release|x64
		{827F8DD7-AE2C-46AC-8FD1-4E4C4ED03671}.Release|x64.Build.0 = Release|x64
		{827F8DD7-AE2C-46AC-8FD1-4E4C4ED03671}.Release|x86.ActiveCfg = Release|Win32
		{827F8DD7-AE2C-46AC-8FD1-4E4C4ED03671}.Release|x86.Build.0 = Release|Win32
		{4FF358C7-C5D4-40A0-8544-FAFAB2774BDF}.Debug|x64.ActiveCfg = Debug|x64
		{4FF358C7-C5D4-40A0-8544-FAFAB2774BDF}.Debug|x64.Build.0 = Debug|x64
		{4FF358C7-C5D4-40A0-8544-FAFAB2774BDF}.Debug|x86.ActiveCfg = Debug|Win32
		{4FF358C7-C5D4-40A0-8544-FAFAB2774BDF}.Debug|x86.Build.0 = Debug|Win32
		{4FF358C7-C5D4-40A0-8544-FAFAB2774BDF}.Release|x64.ActiveCfg = Release|x64
		{4FF358C7-C5D4-40A0-8544-FAFAB2774BDF}.Release|x64.Build.0 = Release|x64
		{4FF358C7-C5D4-40A0-8544-FAFAB2774BDF}.Release|x86.ActiveCfg = Release|Win32
		{4FF358C7-C5D4-40A0-8544-FAFAB2774BDF}.Release|x86.Build.0 = Release|Win32
		{E998CAE5-1F4C-4951-AD7C-EB83A4B4BCDF}.Debug|x64.ActiveCfg = Debug|x64
		{E998CAE5-1F4C-4951-AD7C-EB83A4B4BCDF}.Debug|x64.Build.0 = Debug|x64
		{E998CAE5-1F4C-4951-AD7C-EB83A4B4BCDF}.Debug|x86.ActiveCfg = Debug|Win32
		{E998CAE5-1F4C-4951-AD7C-EB83A4B4BCDF}.Debug|x86.Build.0 = Debug|Win32
		{E998CAE5-1F4C-4951-AD7C-EB83A4B4BCDF}.Release|x64.ActiveCfg = Release|x64
		{E998CAE5-1F4C-4951-AD7C-EB83A4B4BCDF}.Release|x64.Build.0 = Release|x64
		{E998CAE5-1F4C-4951-AD7C-EB83A4B4BCDF}.Release|x86.ActiveCfg = Release|Win32
		{E998CAE5-1F4C-4951-AD7C-EB83A4B4BCDF}.Release|x86.Build.0 = Release|Win32
		{8DFADF18-85BD-412E-BD26-33780F47E575}.Debug|x64.ActiveCfg = Debug|x64
		{8DFADF18-85BD-412E-BD26-33780F47E575}.Debug|x64.Build.0 = Debug|x64
		{8DFADF18-85BD-412E-BD26-33780F47E575}.Debug|x86.ActiveCfg = Debug|Win32
		{8DFADF18-85BD-412E-BD26-33780F47E575}.Debug|x86.Build.0 = Debug|Win32
		{8DFADF18-85BD-412E-BD26-33780F47E575}.Release|x64.ActiveCfg = Release|x64
		{8DFADF18-85BD-412E-BD26-33780F47E575}.Release|x64.Build.0 = Release|x64
		{8DFADF18-85BD-412E-BD26-33780F47E575}.Release|x86.ActiveCfg = Release|Win32
		{8DFADF18-85BD-412E-BD26-33780F47E575}.Release|x86.Build.0 = Release|Win32
		{1CBEEDE4-1D7C-43DB-A37C-EE9DF827AD56}.Debug|x64.ActiveCfg = Debug|x64
		{1CBEEDE4-1D7C-43DB-A37C-EE9DF827AD56}.Debug|x64.Build.0 = Debug|x64
		{1CBEEDE4-1D7C-43DB-A37C-EE9DF827AD56}.Debug|x86.ActiveCfg = Debug|Win32
		{1CBEEDE4-1D7C-43DB-A37C-EE9DF827AD56}.Debug|x86.Build.0 = Debug|Win32
		{1CBEEDE4-1D7C-43DB-A37C-EE9DF827AD56}.Release|x64.ActiveCfg = Release|x64
		{1CBEEDE4-1D7C-43DB-A37C-EE9DF827AD56}.Release|x64.Build.0 = Release|x64
		{1CBEEDE4-1D7C-43DB-A37C-EE9DF827AD56}.Release|x86.ActiveCfg = Release|Win32
		{1CBEEDE4-1D7C-43DB-A37C-EE9DF827AD56}.Release|x86.Build.0 = Release|Win32
		{8CED2BF9-0D08-4803-AE94-1778C7C0AD07}.Debug|x64.ActiveCfg = Debug|x64
		{8CED2BF9-0D08-4803-AE94-1778C7C0AD07}.Debug|x64.Build.0 = Debug|x64
		{8CED2BF9-0D08-4803-AE94-1778C7C0AD07}.Debug|x86.ActiveCfg = Debug|Win32
		{8CED2BF9-0D08-4803-AE94-1778C7C0AD07}.Debug|x86.Build.0 = Debug|Win32
		{8CED2BF9-0D08-4803-AE94-1778C7C0AD07}.Release|x64.ActiveCfg = Release|x64
		{8CED2BF9-0D08-4803-AE94-1778C7C0AD07}.Release|x64.Build.0 = Release|x64
		{8CED2BF9-0D08-4803-AE94-1778C7C0AD07}.Release|x86.ActiveCfg = Release|Win32
		{8CED2BF9-0D08-4803-AE94-1778C7C0AD07}.Release|x86.Build.0 = Release|Win32
		{071DC36F-D695-4233-88A5-A49ED47F5027}.Debug|x64.ActiveCfg = Debug|x64
		{071DC36F-D695-4233-88A5-A49ED47F5027}.Debug|x64.Build.0 = Debug|x64
		{071DC36F-D695-4233-88A5-A49ED47F5027}.Debug|x86.ActiveCfg = Debug|Win32
		{071DC36F-D695-4233-88A5-A49ED47F5027}.Debug|x86.Build.0 = Debug|Win32
		{071DC36F-D695-4233-88A5-A49ED47F5027}.Release|x64.ActiveCfg = Release|x64
		{071DC36F-D695-4233-88A5-A49ED47F5027}.Release|x64.Build.0 = Release|x64
		{071DC36F-D695-4233-88A5-A49ED47F5027}.Release|x86.ActiveCfg = Release|Win32
		{071DC36F-D695-4233-88A5-A49ED47F5027}.Release|x86.Build.0 = Release|Win32
		{A8A7EF58-6140-4307-8AC6-91888E547D2D}.Debug|x64.ActiveCfg = Debug|x64
		{A8A7EF58-6140-4307-8AC6-91888E547D2D}.Debug|x64.Build.0 = Debug|x64
		{A8A7EF58-6140-4307-8AC6-91888E547D2D}.Debug|x86.ActiveCfg = Debug|Win32
		{A8A7EF58-6140-4307-8AC6-91888E547D2D}.Debug|x86.Build.0 = Debug|Win32
		{A8A7EF58-6140-4307-8AC6-91888E547D2D}.Release|x64.ActiveCfg = Release|x64
		{A8A7EF58-6140-4307-8AC6-91888E547D2D}.Release|x64.Build.0 = Release|x64
		{A8A7EF58-6140-4307-8AC6-91888E547D2D}.Release|x86.ActiveCfg = Release|Win32
		{A8A7EF58-6140-4307-8AC6-91888E547D2D}.Release|x86.Build.0 = Release|Win32
		{8ABA7CA6-1088-40C3-A1ED-AED2AD845A57}.Debug|x64.ActiveCfg = Debug|x64
		{8ABA7CA6-1088-40C3-A1ED-AED2AD845A57}.Debug|x64.Build.0 = Debug|x64
		{8ABA7CA6-1088-40C3-A1ED-AED2AD845A57}.Debug|x86.ActiveCfg = Debug|Win32
		{8ABA7CA6-1088-40C3-A1ED-AED2AD845A57}.Debug|x86.Build.0 = Debug|Win32
		{8ABA7CA6-1088-40C3-A1ED-AED2AD845A57}.Release|x64.ActiveCfg = Release|x64
		{8ABA7CA6-1088-40C3-A1ED-AED2AD845A57}.Release|x64.Build.0 = Release|x64
		{8ABA7CA6-1088-40C3-A1ED-AED2AD845A57}.Release|x86.ActiveCfg = Release|Win32
		{8ABA7CA6-1088-40C3-A1ED-AED2AD845A57}.Release|x86.Build.0 = Release|Win32
		{9CEC848A-78FA-45D0-A22E-118D41152368}.Debug|x64.ActiveCfg = Debug|x64
		{9CEC848A-78FA-45D0-A22E-118D41152368}.Debug|x64.Build.0 = Debug|x64
		{9CEC848A-78FA-45D0-A22E-118D41152368}.Debug|x86.ActiveCfg = Debug|Win32
		{9CEC848A-78FA-45D0-A22E-118D41152368}.Debug|x86.Build.0 = Debug|Win32
		{9CEC848A-78FA-45D0-A22E-118D41152368}.Release|x64.ActiveCfg = Release|x64
		{9CEC848A-78FA-45D0-A22E-118D41152368}.Release|x64.Build.0 = Release|x64
		{9CEC848A-78FA-45D0-A22E-118D41152368}.Release|x86.ActiveCfg = Release|Win32
		{9CEC848A-78FA-45D0-A22E-118D41152368}.Release|x86.Build.0 = Release|Win32
		{A1004C29-53D2-4141-B43F-D3CDC117CE87}.Debug|x64.ActiveCfg = Debug|x64
		{A1004C29-53D2-4141-B43F-D3CDC117CE87}.Debug|x64.Build.0 = Debug|x64
		{A1004C29-53D2-4141-B43F-D3CDC117CE87}.Debug|x86.ActiveCfg = Debug|Win32
		{A1004C29-53D2-4141-B43F-D3CDC117CE87}.Debug|x86.Build.0 = Debug|Win32
		{A1004C29-53D2-4141-B43F-D3CDC117CE87}.Release|x64.ActiveCfg = Release|x64
		{A1004C29-53D2-4141-B43F-D3CDC117CE87}.Release|x64.Build.0 = Release|x64
		{A1004C29-53D2-4141-B43F-D3CDC117CE87}.Release|x86.ActiveCfg = Release|Win32
		{A1004C29-53D2-4141-B43F-D3CDC117CE87}.Release|x86.Build.0 = Release|Win32
		{654822DF-B517-42B9-A279-D5ABD7FD201C}.Debug|x64.ActiveCfg = Debug|x64
		{654822DF-B517-42B9-A279-D5ABD7FD201C}.Debug|x64.Build.0 = Debug|x64
		{654822DF-B517-42B9-A279-D5ABD7FD201C}.Debug|x86.ActiveCfg = Debug|Win32
		{654822DF-B517-42B9-A279-D5ABD7FD201C}.Debug|x86.Build.0 = Debug|Win32
		{654822DF-B517-42B9-A279-D5ABD7FD201C}.Release|x64.ActiveCfg = Release|x64
		{654822DF-B517-42B9-A279-D5ABD7FD201C}.Release|x64.Build.0 = Release|x64
		{654822DF-B517-42B9-A279-D5ABD7FD201C}.Release|x86.ActiveCfg = Release|Win32
		{654822DF-B517-42B9-A279-D5ABD7FD201C}.Release|x86.Build.0 = Release|Win32
		{764A358C-8E93-48CD-8427-49E7EBC80345}.Debug|x64.ActiveCfg = Debug|x64
		{764A358C-8E93-48CD-8427-49E7EBC80345}.Debug|x64.Build.0 = Debug|x64
		{764A358C-8E93-48CD-8427-49E7EBC80345}.Debug|x86.ActiveCfg = Debug|Win32
		{764A358C-8E93-48CD-8427-49E7EBC80345}.Debug|x86.Build.0 = Debug|Win32
		{764A358C-8E93-48CD-8427-49E7EBC80345}.Release|x64.ActiveCfg = Release|x64
		{764A358C-8E93-48CD-8427-49E7EBC80345}.Release|x64.Build.0 = Release|x64
		{764A358C-8E93-48CD-8427-49E7EBC80345}.Release|x86.ActiveCfg = Release|Win32
		{764A358C-8E93-48CD-8427-49E7EBC80345}.Release|x86.Build.0 = Release|Win32
		{86F52668-718C-4B6A-AE1F-37284A760CD7}.Debug|x64.ActiveCfg = Debug|x64
		{86F52668-718C-4B6A-AE1F-37284A760CD7}.Debug|x64.Build.0 = Debug|x64
		{86F52668-718C-4B6A-AE1F-37284A760CD7}.Debug|x86.ActiveCfg = Debug|Win32
		{86F52668-718C-4B6A-AE1F-37284A760CD7}.Debug|x86.Build.0 = Debug|Win32
		{86F52668-718C-4B6A-AE1F-37284A760CD7}.Release|x64.ActiveCfg = Release|x64
		{86F52668-718C-4B6A-AE1F-37284A760CD7}.Release|x64.Build.0 = Release|x64
		{86F52668-718C-4B6A-AE1F-37284A760CD7}.Release|x86.ActiveCfg = Release|Win32
		{86F52668-718C-4B6A-AE1F-37284A760CD7}.Release|x86.Build.0 = Release|Win32
		{242DDB21-65C2-4328-9CBC-2D240E5D44A7}.Debug|x64.ActiveCfg = Debug|x64
		{242DDB21-65C2-4328-9CBC-2D240E5D44A7}.Debug|x64.Build.0 = Debug|x64
		{242DDB21-65C2-4328-9CBC-2D240E5D44A7}.Debug|x86.ActiveCfg = Debug|Win32
		{242DDB21-65C2-4328-9CBC-2D240E5D44A7}.Debug|x86.Build.0 = Debug|Win32
		{242DDB21-65C2-4328-9CBC-2D240E5D44A7}.Release|x64.ActiveCfg = Release|x64
		{242DDB21-65C2-4328-9CBC-2D240E5D44A7}.Release|x64.Build.0 = Release|x64
		{242DDB21-65C2-4328-9CBC-2D240E5D44A7}.Release|x86.ActiveCfg = Release|Win32
		{242DDB21-65C2-4328-9CBC-2D240E5D44A7}.Release|x86.Build.0 = Release|Win32
		{BB68481E-7B6B-46DE-8B2D-D024DC19A412}.Debug|x64.ActiveCfg = Debug|x64
		{BB68481E-7B6B-46DE-8B2D-D024DC19A412}.Debug|x64.Build.0 = Debug|x64
		{BB68481E-7B6B-46DE-8B2D-D024DC19A412}.Debug|x86.ActiveCfg = Debug|Win32
		{BB68481E-7B6B-46DE-8B2D-D024DC19A412}.Debug|x86.Build.0 = Debug|Win32
		{BB68481E-7B6B-46DE-8B2D-D024DC19A412}.Release|x64.ActiveCfg = Release|x64
		{BB68481E-7B6B-46DE-8B2D-D024DC19A412}.Release|x64.Build.0 = Release|x64
		{BB68481E-7B6B-46DE-8B2D-D024DC19A412}.Release|x86.ActiveCfg = Release|Win32
		{BB68481E-7B6B-46DE-8B2D-D024DC19A412}.Release|x86.Build.0 = Release|Win32
		{BEF6A063-6815-43A0-A83A-D3C7CF429524}.Debug|x64.ActiveCfg = Debug|x64
		{BEF6A063-6815-43A0-A83A-D3C7CF429524}.Debug|x64.Build.0 = Debug|x64
		{BEF6A063-6815-43A0-A83A-D3C7CF429524}.Debug|x86.ActiveCfg = Debug|Win32
		{BEF6A063-6815-43A0-A83A-D3C7CF429524}.Debug|x86.Build.0 = Debug|Win32
		{BEF6A063-6815-43A0-A83A-D3C7CF429524}.Release|x64.ActiveCfg = Release|x64
		{BEF6A063-6815-43A0-A83A-D3C7CF429524}.Release|x64.Build.0 = Release|x64
		{BEF6A063-6815-43A0-A83A-D3C7CF429524}.Release|x86.ActiveCfg = Release|Win32
		{BEF6A063-6815-43A0-A83A-D3C7CF429524}.Release|x86.Build.0 = Release|Win32
		{FA93F9E1-A4B0-45F7-94F1-DEB05CB9894E}.Debug|x64.ActiveCfg = Debug|x64
		{FA93F9E1-A4B0-45F7-94F1-DEB05CB9894E}.Debug|x64.Build.0 = Debug|x64
		{FA93F9E1-A4B0-45F7-94F1-DEB05CB9894E}.Debug|x86.ActiveCfg = Debug|Win32
		{FA93F9E1-A4B0-45F7-94F1-DEB05CB9894E}.Debug|x86.Build.0 = Debug|Win32
		{FA93F9E1-A4B0-45F7-94F1-DEB05CB9894E}.Release|x64.ActiveCfg = Release|x64
		{FA93F9E1-A4B0-45F7-94F1-DEB05CB9894E}.Release|x64.Build.0 = Release|x64
		{FA93F9E1-A4B0-45F7-94F1-DEB05CB9894E}.Release|x86.ActiveCfg = Release|Win32
		{FA93F9E1-A4B0-45F7-94F1-DEB05CB9894E}.Release|x86.Build.0 = Release|Win32
		{27E09EF3-DA22-43AA-9EF1-59CB5C681D86}.Debug|x64.ActiveCfg = Debug|x64
		{27E09EF3-DA22-43AA-9EF1-59CB5C681D86}.Debug|x64.Build.0 = Debug|x64
		{27E09EF3-DA22-43AA-9EF1-59CB5C681D86}.Debug|x86.ActiveCfg = Debug|Win32
		{27E09EF3-DA22-43AA-9EF1-59CB5C681D86}.Debug|x86.Build.0 = Debug|Win32
		{27E09EF3-DA22-43AA-9EF1-59CB5C681D86}.Release|x64.ActiveCfg = Release|x64
		{27E09EF3-DA22-43AA-9EF1-59CB5C681D86}.Release|x64.Build.0 = Release|x64
		{27E09EF3-DA22-43AA-9EF1-59CB5C681D86}.Release|x86.ActiveCfg = Release|Win32
		{27E09EF3-DA22-43AA-9EF1-59CB5C681D86}.Release|x86.Build.0 = Release|Win32
		{5A75A2BC-D177-459F-8F08-D5E186A43D6A}.Debug|x64.ActiveCfg = Debug|x64
		{5A75A2BC-D177-459F-8F08-D5E186A43D6A}.Debug|x64.Build.0 = Debug|x64
		{5A75A2BC-D177-459F-8F08-D5E186A43D6A}.Debug|x86.ActiveCfg = Debug|Win32
		{5A75A2BC-D177-459F-8F08-D5E186A43D6A}.Debug|x86.Build.0 = Debug|Win32
		{5A75A2BC-D177-459F-8F08-D5E186A43D6A}.Release|x64.ActiveCfg = Release|x64
		{5A75A2BC-D177-459F-8F08-D5E186A43D6A}.Release|x64.Build.0 = Release|x64
		{5A75A2BC-D177-459F-8F08-D5E186A43D6A}.Release|x86.ActiveCfg = Release|Win32
		{5A75A2BC-D177-459F-8F08-D5E186A43D6A}.Release|x86.Build.0 = Release|Win32
		{D65F7A76-6BD5-4C46-9AC8-59E38D7DDD3C}.Debug|x64.ActiveCfg = Debug|x64
		{D65F7A76-6BD5-4C46-9AC8-59E38D7DDD3C}.Debug|x64.Build.0 = Debug|x64
		{D65F7A76-6BD5-4C46-9AC8-59E38D7DDD3C}.Debug|x86.ActiveCfg = Debug|Win32
		{D65F7A76-6BD5-4C46-9AC8-59E38D7DDD3C}.Debug|x86.Build.0 = Debug|Win32
		{D65F7A76-6BD5-4C46-9AC8-59E38D7DDD3C}.Release|x64.ActiveCfg = Release|x64
		{D65F7A76-6BD5-4C46-9AC8-59E38D7DDD3C}.Release|x64.Build.0 = Release|x64
		{D65F7A76-6BD5-4C46-9AC8-59E38D7DDD3C}.Release|x86.ActiveCfg = Release|Win32
		{D65F7A76-6BD5-4C46-9AC8-59E38D7DDD3C}.Release|x86.Build.0 = Release|Win32
		{59DDD5DA-EFD9-47F0-A9AE-8F0B1D98AB3E}.Debug|x64.ActiveCfg = Debug|x64
		{59DDD5DA-EFD9-47F0-A9AE-8F0B1D98AB3E}.Debug|x64.Build.0 = Debug|x64
		{59DDD5DA-EFD9-47F0-A9AE-8F0B1D98AB3E}.Debug|x86.ActiveCfg = Debug|Win32
		{59DDD5DA-EFD9-47F0-A9AE-8F0B1D98AB3E}.Debug|x86.Build.0 = Debug|Win32
		{59DDD5DA-EFD9-47F0-A9AE-8F0B1D98AB3E}.Release|x64.ActiveCfg = Release|x64
		{59DDD5DA-EFD9-47F0-A9AE-8F0B1D98AB3E}.Release|x64.Build.0 = Release|x64
		{59DDD5DA-EFD9-47F0-A9AE-8F0B1D98AB3E}.Release|x86.ActiveCfg = Release|Win32
		{59DDD5DA-EFD9-47F0-A9AE-8F0B1D98AB3E}.Release|x86.Build.0 = Release|Win32
		{9E46575F-A7F7-486F-8E65-DED70726E9B9}.Debug|x64.ActiveCfg = Debug|x64
		{9E46575F-A7F7-486F-8E65-DED70726E9B9}.Debug|x64.Build.0 = Debug|x64
		{9E46575F-A7F7-486F-8E65-DED70726E9B9}.Debug|x86.ActiveCfg = Debug|Win32
		{9E46575F-A7F7-486F-8E65-DED70726E9B9}.Debug|x86.Build.0 = Debug|Win32
		{9E46575F-A7F7-486F-8E65-DED70726E9B9}.Release|x64.ActiveCfg = Release|x64
		{9E46575F-A7F7-486F-8E65-DED70726E9B9}.Release|x64.Build.0 = Release|x64
		{9E46575F-A7F7-486F-8E65-DED70726E9B9}.Release|x86.ActiveCfg = Release|Win32
		{9E46575F-A7F7-486F-8E65-DED70726E9B9}.Release|x86.Build.0 = Release|Win32
		{B94B36C7-CD4C-4DF2-AF85-1AD4F4ACCB42}.Debug|x64.ActiveCfg = Debug|x64
		{B94B36C7-CD4C-4DF2-AF85-1AD4F4ACCB42}.Debug|x64.Build.0 = Debug|x64
		{B94B36C7-CD4C-4DF2-AF85-1AD4F4ACCB42}.Debug|x86.ActiveCfg = Debug|Win32
		{B94B36C7-CD4C-4DF2-AF85-1AD4F4ACCB42}.Debug|x86.Build.0 = Debug|Win32
		{B94B36C7-CD4C-4DF2-AF85-1AD4F4ACCB42}.Release|x64.ActiveCfg = Release|x64
		{B94B36C7-CD4C-4DF2-AF85-1AD4F4ACCB42}.Release|x64.Build.0 = Release|x64
		{B94B36C7-CD4C-4DF2-AF85-1AD4F4ACCB42}.Release|x86.ActiveCfg = Release|Win32
		{B94B36C7-CD4C-4DF2-AF85-1AD4F4ACCB42}.Release|x86.Build.0 = Release|Win32
		{B08FB285-D83B-48B6-994B-EB6754DFA398}.Debug|x64.ActiveCfg = Debug|x64
		{B08FB285-D83B-48B6-994B-EB6754DFA398}.Debug|x64.Build.0 = Debug|x64
		{B08FB285-D83B-48B6-994B-EB6754DFA398}.Debug|x86.ActiveCfg = Debug|Win32
		{B08FB285-D83B-48B6-994B-EB6754DFA398}.Debug|x86.Build.0 = Debug|Win32
		{B08FB285-D83B-48B6-994B-EB6754DFA398}.Release|x64.ActiveCfg = Release|x64
		{B08FB285-D83B-48B6-994B-EB6754DFA398}.Release|x64.Build.0 = Release|x64
		{B08FB285-D83B-48B6-994B-EB6754DFA398}.Release|x86.ActiveCfg = Release|Win32
		{B08FB285-D83B-48B6-994B-EB6754DFA398}.Release|x86.Build.0 = Release|Win32
		{FBE0FFB4-91C6-46AC-97FC-0EFBFBA26DE1}.Debug|x64.ActiveCfg = Debug|x64
		{FBE0FFB4-91C6-46AC-97FC-0EFBFBA26DE1}.Debug|x64.Build.0 = Debug|x64
		{FBE0FFB4-91C6-46AC-97FC-0EFBFBA26DE1}.Debug|x86.ActiveCfg = Debug|Win32
		{FBE0FFB4-91C6-46AC-97FC-0EFBFBA26DE1}.Debug|x86.Build.0 = Debug|Win32
		{FBE0FFB4-91C6-46AC-97FC-0EFBFBA26DE1}.Release|x64.ActiveCfg = Release|x64
		{FBE0FFB4-91C6-46AC-97FC-0EFBFBA26DE1}.Release|x64.Build.0 = Release|x64
		{FBE0FFB4-91C6-46AC-97FC-0EFBFBA26DE1}.Release|x86.ActiveCfg = Release|Win32
		{FBE0FFB4-91C6-46AC-97FC-0EFBFBA26DE1}.Release|x86.Build.0 = Release|Win32
		{BA3E0392-9BD2-46B3-8E72-93327A7952A4}.Debug|x64.ActiveCfg = Debug|x64
		{BA3E0392-9BD2-46B3-8E72-93327A7952A4}.Debug|x64.Build.0 = Debug|x64
		{BA3E0392-9BD2-46B3-8E72-93327A7952A4}.Debug|x86.ActiveCfg = Debug|Win32
		{BA3E0392-9BD2-46B3-8E72-93327A7952A4}.Debug|x86.Build.0 = Debug|Win32
		{BA3E0392-9BD2-46B3-8E72-93327A7952A4}.Release|x64.ActiveCfg = Release|x64
		{BA3E0392-9BD2-46B3-8E72-93327A7952A4}.Release|x64.Build.0 = Release|x64
		{BA3E0392-9BD2-46B3-8E72-93327A7952A4}.Release|x86.ActiveCfg = Release|Win32
		{BA3E0392-9BD2-46B3-8E72-93327A7952A4}.Release|x86.Build.0 = Release|Win32
		{6A54A4EA-951D-4AD9-B582-3F8E78A222EE}.Debug|x64.ActiveCfg = Debug|x64
		{6A54A4EA-951D-4AD9-B582-3F8E78A222EE}.Debug|x64.Build.0 = Debug|x64
		{6A54A4EA-951D-4AD9-B582-3F8E78A222EE}.Debug|x86.ActiveCfg = Debug|Win32
		{6A54A4EA-951D-4AD9-B582-3F8E78A222EE}.Debug|x86.Build.0 = Debug|Win32
		{6A54A4EA-951D-4AD9-B582-3F8E78A222EE}.Release|x64.ActiveCfg = Release|x64
		{6A54A4EA-951D-4AD9-B582-3F8E78A222EE}.Release|x64.Build.0 = Release|x64
		{6A54A4EA-951D-4AD9-B582-3F8E78A222EE}.Release|x86.ActiveCfg = Release|Win32
		{6A54A4EA-951D-4AD9-B582-3F8E78A222EE}.Release|x86.Build.0 = Release|Win32
		{BF629189-1408-4291-8B98-175F97FE82C3}.Debug|x64.ActiveCfg = Debug|x64
		{BF629189-1408-4291-8B98-175F97FE82C3}.Debug|x64.Build.0 = Debug|x64
		{BF629189-1408-4291-8B98-175F97FE82C3}.Debug|x86.ActiveCfg = Debug|Win32
		{BF629189-1408-4291-8B98-175F97FE82C3}.Debug|x86.Build.0 = Debug|Win32
		{BF629189-1408-4291-8B98-175F97FE82C3}.Release|x64.ActiveCfg = Release|x64
		{BF629189-1408-4291-8B98-175F97FE82C3}.Release|x64.Build.0 = Release|x64
		{BF629189-1408-4291-8B98-175F97FE82C3}.Release|x86.ActiveCfg = Release|Win32
		{BF629189-1408-4291-8B98-175F97FE82C3}.Release|x86.Build.0 = Release|Win32
		{F5D1FFDC-1DBB-47E3-8679-B4821C1698D7}.Debug|x64.ActiveCfg = Debug|x64
		{F5D1FFDC-1DBB-47E3-8679-B4821C1698D7}.Debug|x64.Build.0 = Debug|x64
		{F5D1FFDC-1DBB-47E3-8679-B4821C1698D7}.Debug|x86.ActiveCfg = Debug|Win32
		{F5D1FFDC-1DBB-47E3-8679-B4821C1698D7}.Debug|x86.Build.0 = Debug|Win32
		{F5D1FFDC-1DBB-47E3-8679-B4821C1698D7}.Release|x64.ActiveCfg = Release|x64
		{F5D1FFDC-1DBB-47E3-8679-B4821C1698D7}.Release|x64.Build.0 = Release|x64
		{F5D1FFDC-1DBB-47E3-8679-B4821C1698D7}.Release|x86.ActiveCfg = Release|Win32
		{F5D1FFDC-1DBB-47E3-8679-B4821C1698D7}.Release|x86.Build.0 = Release|Win32
		{95CCBF87-BAD2-4C85-9B94-79570A0ED151}.Debug|x64.ActiveCfg = Debug|x64
		{95CCBF87-BAD2-4C85-9B94-79570A0ED151}.Debug|x64.Build.0 = Debug|x64
		{95CCBF87-BAD2-4C85-9B94-79570A0ED151}.Debug|x86.ActiveCfg = Debug|Win32
		{95CCBF87-BAD2-4C85-9B94-79570A0ED151}.Debug|x86.Build.0 = Debug|Win32
		{95CCBF87-BAD2-4C85-9B94-79570A0ED151}.Release|x64.ActiveCfg = Release|x64
		{95CCBF87-BAD2-4C85-9B94-79570A0ED151}.Release|x64.Build.0 = Release|x64
		{95CCBF87-BAD2-4C85-9B94-79570A0ED151}.Release|x86.ActiveCfg = Release|Win32
		{95CCBF87-BAD2-4C85-9B94-79570A0ED151}.Release|x86.Build.0 = Release|Win32
		{E99C65DE-0045-4A8F-AE7F-CBAA3EC582B8}.Debug|x64.ActiveCfg = Debug|x64
		{E99C65DE-0045-4A8F-AE7F-CBAA3EC582B8}.Debug|x64.Build.0 = Debug|x64
		{E99C65DE-0045-4A8F-AE7F-CBAA3EC582B8}.Debug|x86.ActiveCfg = Debug|Win32
		{E99C65DE-0045-4A8F-AE7F-CBAA3EC582B8}.Debug|x86.Build.0 = Debug|Win32
		{E99C65DE-0045-4A8F-AE7F-CBAA3EC582B8}.Release|x64.ActiveCfg = Release|x64
		{E99C65DE-0045-4A8F-AE7F-CBAA3EC582B8}.Release|x64.Build.0 = Release|x64
		{E99C65DE-0045-4A8F-AE7F-CBAA3EC582B8}.Release|x86.ActiveCfg = Release|Win32
		{E99C65DE-0045-4A8F-AE7F-CBAA3EC582B8}.Release|x86.Build.0 = Release|Win32
		{5BDE2737-98E9-489B-B264-70268E25E52C}.Debug|x64.ActiveCfg = Debug|x64
		{5BDE2737-98E9-489B-B264-70268E25E52C}.Debug|x64.Build.0 = Debug|x64
		{5BDE2737-98E9-489B-B264-70268E25E52C}.Debug|x86.ActiveCfg = Debug|Win32
		{5BDE2737-98E9-489B-B264-70268E25E52C}.Debug|x86.Build.0 = Debug|Win32
		{5BDE2737-98E9-489B-B264-70268E25E52C}.Release|x64.ActiveCfg = Release|x64
		{5BDE2737-98E9-489B-B264-70268E25E52C}.Release|x64.Build.0 = Release|x64
		{5BDE2737-98E9-489B-B264-70268E25E52C}.Release|x86.ActiveCfg = Release|Win32
		{5BDE2737-98E9-489B-B264-70268E25E52C}.Release|x86.Build.0 = Release|Win32
		{1EB27230-2D6F-45F3-8150-46518CBE2B13}.Debug|x64.ActiveCfg = Debug|x64
		{1EB27230-2D6F-45F3-8150-46518CBE2B13}.Debug|x64.Build.0 = Debug|x64
		{1EB27230-2D6F-45F3-8150-46518CBE2B13}.Debug|x86.ActiveCfg = Debug|Win32
		{1EB27230-2D6F-45F3-8150-46518CBE2B13}.Debug|x86.Build.0 = Debug|Win32
		{1EB27230-2D6F-45F3-8150-46518CBE2B13}.Release|x64.ActiveCfg = Release|x64
		{1EB27230-2D6F-45F3-8150-46518CBE2B13}.Release|x64.Build.0 = Release|x64
		{1EB27230-2D6F-45F3-8150-46518CBE2B13}.Release|x86.ActiveCfg = Release|Win32
		{1EB27230-2D6F-45F3-8150-46518CBE2B13}.Release|x86.Build.0 = Release|Win32
		{69E60A99-0E13-4D17-A73B-A5BD6C37AE50}.Debug|x64.ActiveCfg = Debug|x64
		{69E60A99-0E13-4D17-A73B-A5BD6C37AE50}.Debug|x64.Build.0 = Debug|x64
		{69E60A99-0E13-4D17-A73B-A5BD6C37AE50}.Debug|x86.ActiveCfg = Debug|Win32
		{69E60A99-0E13-4D17-A73B-A5BD6C37AE50}.Debug|x86.Build.0 = Debug|Win32
		{69E60A99-0E13-4D17-A73B-A5BD6C37AE50}.Release|x64.ActiveCfg = Release|x64
		{69E60A99-0E13-4D17-A73B-A5BD6C37AE50}.Release|x64.Build.0 = Release|x64
		{69E60A99-0E13-4D17-A73B-A5BD6C37AE50}.Release|x86.ActiveCfg = Release|Win32
		{69E60A99-0E13-4D17-A73B-A5BD6C37AE50}.Release|x86.Build.0 = Release|Win32
		{958A45C6-4411-4038-B42C-AE470E585859}.Debug|x64.ActiveCfg = Debug|x64
		{958A45C6-4411-4038-B42C-AE470E585859}.Debug|x64.Build.0 = Debug|x64
		{958A45C6-4411-4038-B42C-AE470E585859}.Debug|x86.ActiveCfg = Debug|Win32
		{958A45C6-4411-4038-B42C-AE470E585859}.Debug|x86.Build.0 = Debug|Win32
		{958A45C6-4411-4038-B42C-AE470E585859}.Release|x64.ActiveCfg = Release|x64
		{958A45C6-4411-4038-B42C-AE470E585859}.Release|x64.Build.0 = Release|x64
		{958A45C6-4411-4038-B42C-AE470E585859}.Release|x86.ActiveCfg = Release|Win32
		{958A45C6-4411-4038-B42C-AE470E585859}.Release|x86.Build.0 = Release|Win32
		{7672EDA8-D952-4A40-BD6F-B2BEC0729B34}.Debug|x64.ActiveCfg = Debug|x64
		{7672EDA8-D952-4A40-BD6F-B2BEC0729B34}.Debug|x64.Build.0 = Debug|x64
		{7672EDA8-D952-4A40-BD6F-B2BEC0729B34}.Debug|x86.ActiveCfg = Debug|Win32
		{7672EDA8-D952-4A40-BD6F-B2BEC0729B34}.Debug|x86.Build.0 = Debug|Win32
		{7672EDA8-D952-4A40-BD6F-B2BEC0729B34}.Release|x64.ActiveCfg = Release|x64
		{7672EDA8-D952-4A40-BD6F-B2BEC0729B34}.Release|x64.Build.0 = Release|x64
		{7672EDA8-D952-4A40-BD6F-B2BEC0729B34}.Release|x86.ActiveCfg = Release|Win32
		{7672EDA8-D952-4A40-BD6F-B2BEC0729B34}.Release|x86.Build.0 = Release|Win32
		{44C45E2F-0E53-4A3A-9557-4A29D4C06FDA}.Debug|x64.ActiveCfg = Debug|x64
		{44C45E2F-0E53-4A3A-9557-4A29D4C06FDA}.Debug|x64.Build.0 = Debug|x64
		{44C45E2F-0E53-4A3A-9557-4A29D4C06FDA}.Debug|x86.ActiveCfg = Debug|Win32
		{44C45E2F-0E53-4A3A-9557-4A29D4C06FDA}.Debug|x86.Build.0 = Debug|Win32
		{44C45E2F-0E53-4A3A-9557-4A29D4C06FDA}.Release|x64.ActiveCfg = Release|x64
		{44C45E2F-0E53-4A3A-9557-4A29D4C06FDA}.Release|x64.Build.0 = Release|x64
		{44C45E2F-0E53-4A3A-9557-4A29D4C06FDA}.Release|x86.ActiveCfg = Release|Win32
		{44C45E2F-0E53-4A3A-9557-4A29D4C06FDA}.Release|x86.Build.0 = Release|Win32
		{9F1FA615-465A-4CBF-B285-2FF19F918940}.Debug|x64.ActiveCfg = Debug|x64
		{9F1FA615-465A-4CBF-B285-2FF19F918940}.Debug|x64.Build.0 = Debug|x64
		{9F1FA615-465A-4CBF-B285-2FF19F918940}.Debug|x86.ActiveCfg = Debug|Win32
		{9F1FA615-465A-4CBF-B285-2FF19F918940}.Debug|x86.Build.0 = Debug|Win32
		{9F1FA615-465A-4CBF-B285-2FF19F918940}.Release|x64.ActiveCfg = Release|x64
		{9F1FA615-465A-4CBF-B285-2FF19F918940}.Release|x64.Build.0 = Release|x64
		{9F1FA615-465A-4CBF-B285-2FF19F918940}.Release|x86.ActiveCfg = Release|Win32
		{9F1FA615-465A-4CBF-B285-2FF19F918940}.Release|x86.Build.0 = Release|Win32
		{E08A0BC3-CFA1-460A-B221-A55C95BF5954}.Debug|x64.ActiveCfg = Debug|x64
		{E08A0BC3-CFA1-460A-B221-A55C95BF5954}.Debug|x64.Build.0 = Debug|x64
		{E08A0BC3-CFA1-460A-B221-A55C95BF5954}.Debug|x86.ActiveCfg = Debug|Win32
		{E08A0BC3-CFA1-460A-B221-A55C95BF5954}.Debug|x86.Build.0 = Debug|Win32
		{E08A0BC3-CFA1-460A-B221-A55C95BF5954}.Release|x64.ActiveCfg = Release|x64
		{E08A0BC3-CFA1-460A-B221-A55C95BF5954}.Release|x64.Build.0 = Release|x64
		{E08A0BC3-CFA1-460A-B221-A55C95BF5954}.Release|x86.ActiveCfg = Release|Win32
		{E08A0BC3-CFA1-460A-B221-A55C95BF5954}.Release|x86.Build.0 = Release|Win32
		{32890094-308C-459E-99F0-D96B14E0C063}.Debug|x64.ActiveCfg = Debug|x64
		{32890094-308C-459E-99F0-D96B14E0C063}.Debug|x64.Build.0 = Debug|x64
		{32890094-308C-459E-99F0-D96B14E0C063}.Debug|x86.ActiveCfg = Debug|Win32
		{32890094-308C-459E-99F0-D96B14E0C063}.Debug|x86.Build.0 = Debug|Win32
		{32890094-308C-459E-99F0-D96B14E0C063}.Release|x64.ActiveCfg = Release|x64
		{32890094-308C-459E-99F0-D96B14E0C063}.Release|x64.Build.0 = Release|x64
		{32890094-308C-459E-99F0-D96B14E0C063}.Release|x86.ActiveCfg = Release|Win32
		{32890094-308C-459E-99F0-D96B14E0C063}.Release|x86.Build.0 = Release|Win32
		{609610F2-A621-41F4-91B2-E66483193146}.Debug|x64.ActiveCfg = Debug|x64
		{609610F2-A621-41F4-91B2-E66483193146}.Debug|x64.Build.0 = Debug|x64
		{609610F2-A621-41F4-91B2-E66483193146}.Debug|x86.ActiveCfg = Debug|Win32
		{609610F2-A621-41F4-91B2-E66483193146}.Debug|x86.Build.0 = Debug|Win32
		{609610F2-A621-41F4-91B2-E66483193146}.Release|x64.ActiveCfg = Release|x64
		{609610F2-A621-41F4-91B2-E66483193146}.Release|x64.Build.0 = Release|x64
		{609610F2-A621-41F4-91B2-E66483193146}.Release|x86.ActiveCfg = Release|Win32
		{609610F2-A621-41F4-91B2-E66483193146}.Release|x86.Build.0 = Release|Win32
		{E20ABE07-676A-4504-853F-0853512C82AB}.Debug|x64.ActiveCfg = Debug|x64
		{E20ABE07-676A-4504-853F-0853512C82AB}.Debug|x64.Build.0 = Debug|x64
		{E20ABE07-676A-4504-853F-0853512C82AB}.Debug|x86.ActiveCfg = Debug|Win32
		{E20ABE07-676A-4504-853F-0853512C82AB}.Debug|x86.Build.0 = Debug|Win32
		{E20ABE07-676A-4504-853F-0853512C82AB}.Release|x64.ActiveCfg = Release|x64
		{E20ABE07-676A-4504-853F-0853512C82AB}.Release|x64.Build.0 = Release|x64
		{E20ABE07-676A-4504-853F-0853512C82AB}.Release|x86.ActiveCfg = Release|Win32
		{E20ABE07-676A-4504-853F-0853512C82AB}.Release|x86.Build.0 = Release|Win32
		{4EF126BE-13C1-47D4-B624-0F9738C5413E}.Debug|x64.ActiveCfg = Debug|x64
		{4EF126BE-13C1-47D4-B624-0F9738C5413E}.Debug|x64.Build.0 = Debug|x64
		{4EF126BE-13C1-47D4-B624-0F9738C5413E}.Debug|x86.ActiveCfg = Debug|Win32
		{4EF126BE-13C1-47D4-B624-0F9738C5413E}.Debug|x86.Build.0 = Debug|Win32
		{4EF126BE-13C1-47D4-B624-0F9738C5413E}.Release|x64.ActiveCfg = Release|x64
		{4EF126BE-13C1-47D4-B624-0F9738C5413E}.Release|x64.Build.0 = Release|x64
		{4EF126BE-13C1-47D4-B624-0F9738C5413E}.Release|x86.ActiveCfg = Release|Win32
		{4EF126BE-13C1-47D4-B624-0F9738C5413E}.Release|x86.Build.0 = Release|Win32
		{BCA383A8-E446-49EF-9D4E-85A18DB1431F}.Debug|x64.ActiveCfg = Debug|x64
		{BCA383A8-E446-49EF-9D4E-85A18DB1431F}.Debug|x64.Build.0 = Debug|x64
		{BCA383A8-E446-49EF-9D4E-85A18DB1431F}.Debug|x86.ActiveCfg = Debug|Win32
		{BCA383A8-E446-49EF-9D4E-85A18DB1431F}.Debug|x86.Build.0 = Debug|Win32
		{BCA383A8-E446-49EF-9D4E-85A18DB1431F}.Release|x64.ActiveCfg = Release|x64
		{BCA383A8-E446-49EF-9D4E-85A18DB1431F}.Release|x64.Build.0 = Release|x64
		{BCA383A8-E446-49EF-9D4E-85A18DB1431F}.Release|x86.ActiveCfg = Release|Win32
		{BCA383A8-E446-49EF-9D4E-85A18DB1431F}.Release|x86.Build.0 = Release|Win32
		{8203605F-021E-4BD3-94B4-917DA93BCBBA}.Debug|x64.ActiveCfg = Debug|x64
		{8203605F-021E-4BD3-94B4-917DA93BCBBA}.Debug|x64.Build.0 = Debug|x64
		{8203605F-021E-4BD3-94B4-917DA93BCBBA}.Debug|x86.ActiveCfg = Debug|Win32
		{8203605F-021E-4BD3-94B4-917DA93BCBBA}.Debug|x86.Build.0 = Debug|Win32
		{8203605F-021E-4BD3-94B4-917DA93BCBBA}.Release|x64.ActiveCfg = Release|x64
		{8203605F-021E-4BD3-94B4-917DA93BCBBA}.Release|x64.Build.0 = Release|x64
		{8203605F-021E-4BD3-94B4-917DA93BCBBA}.Release|x86.ActiveCfg = Release|Win32
		{8203605F-021E-4BD3-94B4-917DA93BCBBA}.Release|x86.Build.0 = Release|Win32
		{CAB77F87-7559-45E3-B860-EBCDEEEB4696}.Debug|x64.ActiveCfg = Debug|x64
		{CAB77F87-7559-45E3-B860-EBCDEEEB4696}.Debug|x64.Build.0 = Debug|x64
		{CAB77F87-7559-45E3-B860-EBCDEEEB4696}.Debug|x86.ActiveCfg = Debug|Win32
		{CAB77F87-7559-45E3-B860-EBCDEEEB4696}.Debug|x86.Build.0 = Debug|Win32
		{CAB77F87-7559-45E3-B860-EBCDEEEB4696}.Release|x64.ActiveCfg = Release|x64
		{CAB77F87-7559-45E3-B860-EBCDEEEB4696}.Release|x64.Build.0 = Release|x64
		{CAB77F87-7559-45E3-B860-EBCDEEEB4696}.Release|x86.ActiveCfg = Release|Win32
		{CAB77F87-7559-45E3-B860-EBCDEEEB4696}.Release|x86.Build.0 = Release|Win32
		{9204B9E7-3FB2-4833-9C3B-82FBBEA39A8F}.Debug|x64.ActiveCfg = Debug|x64
		{9204B9E7-3FB2-4833-9C3B-82FBBEA39A8F}.Debug|x64.Build.0 = Debug|x64
		{9204B9E7-3FB2-4833-9C3B-82FBBEA39A8F}.Debug|x86.ActiveCfg = Debug|Win32
		{9204B9E7-3FB2-4833-9C3B-82FBBEA39A8F}.Debug|x86.Build.0 = Debug|Win32
		{9204B9E7-3FB2-4833-9C3B-82FBBEA39A8F}.Release|x64.ActiveCfg = Release|x64
		{9204B9E7-3FB2-4833-9C3B-82FBBEA39A8F}.Release|x64.Build.0 = Release|x64
		{9204B9E7-3FB2-4833-9C3B-82FBBEA39A8F}.Release|x86.ActiveCfg = Release|Win32
		{9204B9E7-3FB2-4833-9C3B-82FBBEA39A8F}.Release|x86.Build.0 = Release|Win32
		{DD882A6F-BAA0-40E9-A52B-7918F576ED9F}.Debug|x64.ActiveCfg = Debug|x64
		{DD882A6F-BAA0-40E9-A52B-7918F576ED9F}.Debug|x64.Build.0 = Debug|x64
		{DD882A6F-BAA0-40E9-A52B-7918F576ED9F}.Debug|x86.ActiveCfg = Debug|Win32
		{DD882A6F-BAA0-40E9-A52B-7918F576ED9F}.Debug|x86.Build.0 = Debug|Win32
		{DD882A6F-BAA0-40E9-A52B-7918F576ED9F}.Release|x64.ActiveCfg = Release|x64
		{DD882A6F-BAA0-40E9-A52B-7918F576ED9F}.Release|x64.Build.0 = Release|x64
		{DD882A6F-BAA0-40E9-A52B-7918F576ED9F}.Release|x86.ActiveCfg = Release|Win32
		{DD882A6F-BAA0-40E9-A52B-7918F576ED9F}.Release|x86.Build.0 = Release|Win32
	EndGlobalSection
	GlobalSection(SolutionProperties) = preSolution
		HideSolutionNode = FALSE
	EndGlobalSection
	GlobalSection(NestedProjects) = preSolution
		{D0FFF024-CB5E-4015-B630-DEFE377B0FBC} = {148472AB-44FC-4F41-8E0C-824CF980A108}
		{D3966676-6D05-4E1E-B301-AB88BB917743} = {D2E19EE1-528F-469C-8D20-8866D0C2213A}
		{A03EB3EA-74CB-4A33-8BD0-4576E3539874} = {D2E19EE1-528F-469C-8D20-8866D0C2213A}
		{EB7233C0-4F37-4F00-8151-545FBDC46047} = {D3966676-6D05-4E1E-B301-AB88BB917743}
		{0662052C-1614-4EC3-BD87-35F046365519} = {D3966676-6D05-4E1E-B301-AB88BB917743}
		{6060B075-DE5F-44FF-BE93-638A9CF1A0B0} = {A03EB3EA-74CB-4A33-8BD0-4576E3539874}
		{5884137E-8EDF-4036-B179-DB4F64040D9E} = {80FE3571-A936-4C1E-A6AC-9A1C0F30D2B8}
		{DF86D66B-F286-49B0-A6E9-68A624DBA7AF} = {5884137E-8EDF-4036-B179-DB4F64040D9E}
		{A27869E0-7DE1-4F7D-922F-7939495C2777} = {5884137E-8EDF-4036-B179-DB4F64040D9E}
		{257F7D43-9DD1-4DBB-B341-E85CBDBFD378} = {5884137E-8EDF-4036-B179-DB4F64040D9E}
		{95A41423-F9A1-453E-BC1C-A4C7497F6919} = {5884137E-8EDF-4036-B179-DB4F64040D9E}
		{E085B94D-3C76-4985-9C73-994662770C90} = {6ECAAAAA-11A4-4A8A-A229-B1D03838E4FB}
		{5A50A4E9-3A03-4BC0-8329-C8ADAC0C58F2} = {E085B94D-3C76-4985-9C73-994662770C90}
		{B7348709-A701-46A0-91A5-E54E2C227DB5} = {E085B94D-3C76-4985-9C73-994662770C90}
		{692541B1-1032-4BCA-8368-4A1974F216F7} = {E085B94D-3C76-4985-9C73-994662770C90}
		{F142F4F2-0799-4F8F-9EC7-EBA1974A3867} = {E085B94D-3C76-4985-9C73-994662770C90}
		{CC50B0AF-E9E0-4CF5-8FC9-069430CA4985} = {E085B94D-3C76-4985-9C73-994662770C90}
		{E7D79FB8-03A6-467D-B8C5-B4D7F73BA796} = {0B6DA987-5218-479D-BC0A-5773BDF8782A}
		{4E13EDD2-3A4E-4D0C-AA20-4459CCD41878} = {0B6DA987-5218-479D-BC0A-5773BDF8782A}
		{DC37ED84-016B-4440-B8C4-A564916C05C1} = {E7D79FB8-03A6-467D-B8C5-B4D7F73BA796}
		{5144278F-974D-4933-89C7-D8C249B2D972} = {E7D79FB8-03A6-467D-B8C5-B4D7F73BA796}
		{13CFF7D9-65E0-4425-B124-02D3213D3568} = {4E13EDD2-3A4E-4D0C-AA20-4459CCD41878}
		{A1A1DD0E-50D1-43C9-9CCF-D03796D70A60} = {4E13EDD2-3A4E-4D0C-AA20-4459CCD41878}
		{4D526C3E-9D32-4DFA-8C7B-21904BA01E48} = {FB792F01-7184-478A-9DD6-A1DA8B2D31C0}
		{0EEF0A49-D92C-4610-A0CF-697D3D103F62} = {FB792F01-7184-478A-9DD6-A1DA8B2D31C0}
		{68F1A12C-169C-46A3-8DC9-170A1A466CF4} = {4D526C3E-9D32-4DFA-8C7B-21904BA01E48}
		{CE97A8B6-3711-4D31-9619-99E69F5211EA} = {4D526C3E-9D32-4DFA-8C7B-21904BA01E48}
		{229B6C64-A222-43D3-BCB6-7B57034827FB} = {4D526C3E-9D32-4DFA-8C7B-21904BA01E48}
		{61A046C7-DC47-463B-B02B-1FA552E28EE0} = {4D526C3E-9D32-4DFA-8C7B-21904BA01E48}
		{827F8DD7-AE2C-46AC-8FD1-4E4C4ED03671} = {0EEF0A49-D92C-4610-A0CF-697D3D103F62}
		{4FF358C7-C5D4-40A0-8544-FAFAB2774BDF} = {0EEF0A49-D92C-4610-A0CF-697D3D103F62}
		{E998CAE5-1F4C-4951-AD7C-EB83A4B4BCDF} = {0EEF0A49-D92C-4610-A0CF-697D3D103F62}
		{8DFADF18-85BD-412E-BD26-33780F47E575} = {0EEF0A49-D92C-4610-A0CF-697D3D103F62}
		{07957445-3902-471F-BFB3-985FF2338527} = {0D05AF2C-2D46-4CC3-957E-11600AD61DBC}
		{CD5B4F25-47DB-4777-9FEF-33D1F4A58329} = {0D05AF2C-2D46-4CC3-957E-11600AD61DBC}
		{1CBEEDE4-1D7C-43DB-A37C-EE9DF827AD56} = {07957445-3902-471F-BFB3-985FF2338527}
		{8CED2BF9-0D08-4803-AE94-1778C7C0AD07} = {07957445-3902-471F-BFB3-985FF2338527}
		{071DC36F-D695-4233-88A5-A49ED47F5027} = {CD5B4F25-47DB-4777-9FEF-33D1F4A58329}
		{A8A7EF58-6140-4307-8AC6-91888E547D2D} = {CD5B4F25-47DB-4777-9FEF-33D1F4A58329}
		{8ABA7CA6-1088-40C3-A1ED-AED2AD845A57} = {CD5B4F25-47DB-4777-9FEF-33D1F4A58329}
		{E585D0F1-74E4-4F49-8C37-81B991F3E53A} = {553D5FA5-993C-400D-A3CD-6B46BF37A86E}
		{AB90AA85-13E0-4491-B01E-EA73D2883B9B} = {553D5FA5-993C-400D-A3CD-6B46BF37A86E}
		{9CEC848A-78FA-45D0-A22E-118D41152368} = {E585D0F1-74E4-4F49-8C37-81B991F3E53A}
		{A1004C29-53D2-4141-B43F-D3CDC117CE87} = {E585D0F1-74E4-4F49-8C37-81B991F3E53A}
		{654822DF-B517-42B9-A279-D5ABD7FD201C} = {E585D0F1-74E4-4F49-8C37-81B991F3E53A}
		{764A358C-8E93-48CD-8427-49E7EBC80345} = {E585D0F1-74E4-4F49-8C37-81B991F3E53A}
		{86F52668-718C-4B6A-AE1F-37284A760CD7} = {E585D0F1-74E4-4F49-8C37-81B991F3E53A}
		{242DDB21-65C2-4328-9CBC-2D240E5D44A7} = {AB90AA85-13E0-4491-B01E-EA73D2883B9B}
		{BB68481E-7B6B-46DE-8B2D-D024DC19A412} = {AB90AA85-13E0-4491-B01E-EA73D2883B9B}
		{BEF6A063-6815-43A0-A83A-D3C7CF429524} = {AB90AA85-13E0-4491-B01E-EA73D2883B9B}
		{BCCFA394-3A91-4146-93EA-7A4A588DACD9} = {462C1D26-FD35-4D30-99A6-A24B34CA9475}
		{AA712FB3-C042-4FCA-AC14-D229E183A179} = {462C1D26-FD35-4D30-99A6-A24B34CA9475}
		{FA93F9E1-A4B0-45F7-94F1-DEB05CB9894E} = {BCCFA394-3A91-4146-93EA-7A4A588DACD9}
		{27E09EF3-DA22-43AA-9EF1-59CB5C681D86} = {BCCFA394-3A91-4146-93EA-7A4A588DACD9}
		{5A75A2BC-D177-459F-8F08-D5E186A43D6A} = {BCCFA394-3A91-4146-93EA-7A4A588DACD9}
		{D65F7A76-6BD5-4C46-9AC8-59E38D7DDD3C} = {BCCFA394-3A91-4146-93EA-7A4A588DACD9}
		{59DDD5DA-EFD9-47F0-A9AE-8F0B1D98AB3E} = {BCCFA394-3A91-4146-93EA-7A4A588DACD9}
		{9E46575F-A7F7-486F-8E65-DED70726E9B9} = {AA712FB3-C042-4FCA-AC14-D229E183A179}
		{0EFB93DD-F438-45D1-85F1-EFA2A897CFF8} = {07979653-DE8B-4A10-8100-4095457DB21A}
		{7D046780-082F-4078-BACA-60C032700749} = {07979653-DE8B-4A10-8100-4095457DB21A}
		{B94B36C7-CD4C-4DF2-AF85-1AD4F4ACCB42} = {0EFB93DD-F438-45D1-85F1-EFA2A897CFF8}
		{B08FB285-D83B-48B6-994B-EB6754DFA398} = {0EFB93DD-F438-45D1-85F1-EFA2A897CFF8}
		{FBE0FFB4-91C6-46AC-97FC-0EFBFBA26DE1} = {0EFB93DD-F438-45D1-85F1-EFA2A897CFF8}
		{BA3E0392-9BD2-46B3-8E72-93327A7952A4} = {7D046780-082F-4078-BACA-60C032700749}
		{6A54A4EA-951D-4AD9-B582-3F8E78A222EE} = {7D046780-082F-4078-BACA-60C032700749}
		{3B5B4B74-6007-4AE0-8260-AE45C0D29518} = {71DD0AA9-AC3D-4690-8261-0D7DA2FA432A}
		{1789CED9-1306-42F7-884F-7533BE90324B} = {71DD0AA9-AC3D-4690-8261-0D7DA2FA432A}
		{BF629189-1408-4291-8B98-175F97FE82C3} = {3B5B4B74-6007-4AE0-8260-AE45C0D29518}
		{F5D1FFDC-1DBB-47E3-8679-B4821C1698D7} = {1789CED9-1306-42F7-884F-7533BE90324B}
		{511E5977-8999-4470-8B8A-396D67DF52FD} = {585EE17E-A468-45D4-8FE2-DDD246DBE3B1}
		{C0F72ADD-00BB-4609-A579-F164CE803FFD} = {585EE17E-A468-45D4-8FE2-DDD246DBE3B1}
		{95CCBF87-BAD2-4C85-9B94-79570A0ED151} = {511E5977-8999-4470-8B8A-396D67DF52FD}
		{E99C65DE-0045-4A8F-AE7F-CBAA3EC582B8} = {C0F72ADD-00BB-4609-A579-F164CE803FFD}
		{5BDE2737-98E9-489B-B264-70268E25E52C} = {C0F72ADD-00BB-4609-A579-F164CE803FFD}
		{8F23EC76-5294-467C-AE0E-9D5491E19E8F} = {983041D6-54BE-4E5B-8F72-062AAA96E285}
		{1EB27230-2D6F-45F3-8150-46518CBE2B13} = {8F23EC76-5294-467C-AE0E-9D5491E19E8F}
		{41B6D6E1-2754-45D4-9037-725E2FAA3498} = {943A757D-165B-487A-A3D1-473F66CB5D37}
		{7571EEE6-D1A3-4005-B7D1-21FED9B4FD74} = {943A757D-165B-487A-A3D1-473F66CB5D37}
		{69E60A99-0E13-4D17-A73B-A5BD6C37AE50} = {41B6D6E1-2754-45D4-9037-725E2FAA3498}
		{958A45C6-4411-4038-B42C-AE470E585859} = {7571EEE6-D1A3-4005-B7D1-21FED9B4FD74}
		{13F022F4-C901-4482-87D7-C46DA363A5C0} = {0A38CA85-4FD0-419B-9C1F-A0E80DD69532}
		{E71E5B8A-FD79-48A7-BD26-E5A3C477945B} = {0A38CA85-4FD0-419B-9C1F-A0E80DD69532}
		{7672EDA8-D952-4A40-BD6F-B2BEC0729B34} = {13F022F4-C901-4482-87D7-C46DA363A5C0}
		{44C45E2F-0E53-4A3A-9557-4A29D4C06FDA} = {13F022F4-C901-4482-87D7-C46DA363A5C0}
		{9F1FA615-465A-4CBF-B285-2FF19F918940} = {13F022F4-C901-4482-87D7-C46DA363A5C0}
		{E08A0BC3-CFA1-460A-B221-A55C95BF5954} = {13F022F4-C901-4482-87D7-C46DA363A5C0}
		{32890094-308C-459E-99F0-D96B14E0C063} = {E71E5B8A-FD79-48A7-BD26-E5A3C477945B}
		{609610F2-A621-41F4-91B2-E66483193146} = {E71E5B8A-FD79-48A7-BD26-E5A3C477945B}
		{DA93CD2E-4FE7-480D-8B92-EA174C4906A6} = {F4A46313-9504-486E-98C3-E0857ADCD4D5}
		{B1D9EF8D-76E5-44FC-AC51-A9426A6ED8CF} = {F4A46313-9504-486E-98C3-E0857ADCD4D5}
		{E20ABE07-676A-4504-853F-0853512C82AB} = {DA93CD2E-4FE7-480D-8B92-EA174C4906A6}
		{4EF126BE-13C1-47D4-B624-0F9738C5413E} = {B1D9EF8D-76E5-44FC-AC51-A9426A6ED8CF}
		{BCA383A8-E446-49EF-9D4E-85A18DB1431F} = {AFD8CF53-A3D9-443D-B8CE-1FC3EE27694E}
		{8203605F-021E-4BD3-94B4-917DA93BCBBA} = {AFD8CF53-A3D9-443D-B8CE-1FC3EE27694E}
		{CAB77F87-7559-45E3-B860-EBCDEEEB4696} = {AFD8CF53-A3D9-443D-B8CE-1FC3EE27694E}
		{9204B9E7-3FB2-4833-9C3B-82FBBEA39A8F} = {AFD8CF53-A3D9-443D-B8CE-1FC3EE27694E}
		{DD882A6F-BAA0-40E9-A52B-7918F576ED9F} = {30475274-DE83-425F-9E61-207E7A4B8313}
	EndGlobalSection
	GlobalSection(ExtensibilityGlobals) = postSolution
		SolutionGuid = {E723A8F6-34B9-41DD-B508-FB94BDE7891B}
	EndGlobalSection
EndGlobal
